
Microsoft Visual Studio Solution File, Format Version 12.00
Project("{2150E333-8FDC-42A3-9474-1A3956D46DE8}") = "db", "db", "{8440C192-9A65-4DAD-8B76-AE56665BBC8F}"
EndProject
Project("{FAE04EC0-301F-11D3-BF4B-00C04F79EFBC}") = "DAL.MarketDataHistory", "db\DAL.MarketDataHistory\DAL.MarketDataHistory.csproj", "{9FB43BE1-9878-4544-BA48-2BC901BC0AF0}"
EndProject
Project("{FAE04EC0-301F-11D3-BF4B-00C04F79EFBC}") = "Databases.Main", "db\Databases.Main\Databases.Main.csproj", "{84FF25C2-E050-4584-A2BD-47EDA30A19FE}"
EndProject
Project("{FAE04EC0-301F-11D3-BF4B-00C04F79EFBC}") = "Databases.MarketDataHistory", "db\Databases.MarketDataHistory\Databases.MarketDataHistory.csproj", "{BFC1A721-3FD1-4EA2-8769-4AC650CCECE2}"
EndProject
Project("{2150E333-8FDC-42A3-9474-1A3956D46DE8}") = "domain", "domain", "{473CE92D-0AE7-41AB-AB9D-FDFE65199CA0}"
EndProject
Project("{FAE04EC0-301F-11D3-BF4B-00C04F79EFBC}") = "Domain.AccountRecordsStateManager", "domain\Domain.AccountRecordsStateManager\Domain.AccountRecordsStateManager.csproj", "{5577A645-F5F6-463C-8C77-56D8498561DF}"
EndProject
Project("{FAE04EC0-301F-11D3-BF4B-00C04F79EFBC}") = "Domain.Accounts.Execution.Tests", "domain\Domain.Accounts.Execution.Tests\Domain.Accounts.Execution.Tests.csproj", "{8CFAAB0E-44E6-43AA-9962-7A3E63711388}"
EndProject
Project("{FAE04EC0-301F-11D3-BF4B-00C04F79EFBC}") = "Domain.Accounts.Base", "domain\Domain.Accounts.Base\Domain.Accounts.Base.csproj", "{6F1ACEF3-CD40-4BEE-A5D4-F39A2E2A28C6}"
EndProject
Project("{FAE04EC0-301F-11D3-BF4B-00C04F79EFBC}") = "Domain.Accounts.Base.State.Tests", "domain\Domain.Accounts.Base.State.Tests\Domain.Accounts.Base.State.Tests.csproj", "{17012FE5-CD78-4C64-8AC8-4EC7165452B3}"
EndProject
Project("{FAE04EC0-301F-11D3-BF4B-00C04F79EFBC}") = "Domain.Accounts.Base.State", "domain\Domain.Accounts.Base.State\Domain.Accounts.Base.State.csproj", "{632EA74D-F821-4560-8624-25C7E6B86F46}"
EndProject
Project("{FAE04EC0-301F-11D3-BF4B-00C04F79EFBC}") = "Domain.Accounts.AccountStateClientManager", "domain\Domain.Accounts.AccountStateClientManager\Domain.Accounts.AccountStateClientManager.csproj", "{3F2E5FA1-24D7-420F-901B-72AB906CF02B}"
EndProject
Project("{FAE04EC0-301F-11D3-BF4B-00C04F79EFBC}") = "Domain.HostedStrategies", "domain\Domain.HostedStrategies\Domain.HostedStrategies.csproj", "{ACC18BF7-543E-4891-AD0A-D146288EAF4B}"
EndProject
Project("{FAE04EC0-301F-11D3-BF4B-00C04F79EFBC}") = "Domain.Accounts.Execution", "domain\Domain.Accounts.Execution\Domain.Accounts.Execution.csproj", "{9827DF28-1C64-4C71-ACD6-8E454C28EDE5}"
EndProject
Project("{FAE04EC0-301F-11D3-BF4B-00C04F79EFBC}") = "Domain.Accounts.Execution.State", "domain\Domain.Accounts.Execution.State\Domain.Accounts.Execution.State.csproj", "{B1B197BA-803D-4CEE-9DC5-325C741809DA}"
EndProject
Project("{FAE04EC0-301F-11D3-BF4B-00C04F79EFBC}") = "Domain.Accounts.Base.Tests", "domain\Domain.Accounts.Base.Tests\Domain.Accounts.Base.Tests.csproj", "{A2B95775-5D96-4B01-AB47-26C294340C8F}"
EndProject
Project("{FAE04EC0-301F-11D3-BF4B-00C04F79EFBC}") = "Domain.MarketData", "domain\Domain.MarketData\Domain.MarketData.csproj", "{CD08F4E4-EB2D-4554-9657-0DC950F2FE7C}"
EndProject
Project("{2150E333-8FDC-42A3-9474-1A3956D46DE8}") = "common", "common", "{4DA9B9F5-BEC3-454F-BE4E-3811E48CAA31}"
EndProject
Project("{FAE04EC0-301F-11D3-BF4B-00C04F79EFBC}") = "Common.Infrastructure.Abstractions", "common\Common.Infrastructure.Abstractions\Common.Infrastructure.Abstractions.csproj", "{78915996-2C2A-4845-8CAC-28C243040215}"
EndProject
Project("{FAE04EC0-301F-11D3-BF4B-00C04F79EFBC}") = "Common.EventSourcing", "common\Common.EventSourcing\Common.EventSourcing.csproj", "{E75C5C6A-2AB9-4BFB-8D99-54482C81B313}"
EndProject
Project("{FAE04EC0-301F-11D3-BF4B-00C04F79EFBC}") = "Common.Messaging", "common\Common.Messaging\Common.Messaging.csproj", "{D09090B8-5112-4C6A-B6DB-2C14763F3E92}"
EndProject
Project("{FAE04EC0-301F-11D3-BF4B-00C04F79EFBC}") = "Common.Utils.Reflection", "common\Common.Utils.Reflection\Common.Utils.Reflection.csproj", "{E4F0C05E-A421-4E85-80E0-08F2CACB1F72}"
EndProject
Project("{2150E333-8FDC-42A3-9474-1A3956D46DE8}") = "Events", "Events", "{A6B5A653-3C37-4931-BB51-28DD3DB02268}"
EndProject
Project("{FAE04EC0-301F-11D3-BF4B-00C04F79EFBC}") = "Domain.Events.Accounts.Management", "domain\events\Domain.Events.Accounts.Management\Domain.Events.Accounts.Management.csproj", "{B5E3E42D-F099-4A97-9A77-7049D447CE86}"
EndProject
Project("{FAE04EC0-301F-11D3-BF4B-00C04F79EFBC}") = "Domain.Events.Accounts.AccountsService", "domain\events\Domain.Events.Accounts.AccountsService\Domain.Events.Accounts.AccountsService.csproj", "{B53C94B4-AF22-4D3E-8F52-E0BFA64F753F}"
EndProject
Project("{FAE04EC0-301F-11D3-BF4B-00C04F79EFBC}") = "Domain.Events.Accounts.External", "domain\events\Domain.Events.Accounts.External\Domain.Events.Accounts.External.csproj", "{C57EA87E-7840-4472-9761-D4D7AD3BB1E0}"
EndProject
Project("{FAE04EC0-301F-11D3-BF4B-00C04F79EFBC}") = "Domain.Events.Strategies.Management", "domain\events\Domain.Events.Strategies.Management\Domain.Events.Strategies.Management.csproj", "{C007A449-0693-45B5-B89D-E1B71E0DC151}"
EndProject
Project("{2150E333-8FDC-42A3-9474-1A3956D46DE8}") = "Queries", "Queries", "{A31F9B5F-1741-4228-9989-A799DFD5A905}"
EndProject
Project("{FAE04EC0-301F-11D3-BF4B-00C04F79EFBC}") = "Domain.Queries.Accounts.AccountsService", "domain\queries\Domain.Queries.Accounts.AccountsService\Domain.Queries.Accounts.AccountsService.csproj", "{22AFBCBC-0BB3-42AD-9747-458A1E672505}"
EndProject
Project("{FAE04EC0-301F-11D3-BF4B-00C04F79EFBC}") = "Domain.Queries.MarketData", "domain\queries\Domain.Queries.MarketData\Domain.Queries.MarketData.csproj", "{40F53A48-56DA-414B-A28C-935B45A33A3E}"
EndProject
Project("{FAE04EC0-301F-11D3-BF4B-00C04F79EFBC}") = "Domain.Queries.Accounts.ExecutionService", "domain\queries\Domain.Queries.Accounts.ExecutionService\Domain.Queries.Accounts.ExecutionService.csproj", "{7D5D556C-0F92-466E-A71C-DB2F8D67F552}"
EndProject
Project("{FAE04EC0-301F-11D3-BF4B-00C04F79EFBC}") = "Domain.Queries.StaticData", "domain\queries\Domain.Queries.StaticData\Domain.Queries.StaticData.csproj", "{5BDB411B-1FE0-40D3-95B2-2BB5D8B71F32}"
EndProject
Project("{FAE04EC0-301F-11D3-BF4B-00C04F79EFBC}") = "Common.Accounts.Abstractions", "common\Common.Accounts.Abstractions\Common.Accounts.Abstractions.csproj", "{2158F8BA-D56A-45C4-ACA2-B2464ACD79E7}"
EndProject
Project("{FAE04EC0-301F-11D3-BF4B-00C04F79EFBC}") = "Common.Metrics", "common\Common.Metrics\Common.Metrics.csproj", "{B6BD01D8-CE12-48F6-91A6-BE27D34A3D92}"
EndProject
Project("{FAE04EC0-301F-11D3-BF4B-00C04F79EFBC}") = "Common.Utils.Collections", "common\Common.Utils.Collections\Common.Utils.Collections.csproj", "{9679F020-89D3-4E83-B93B-16AB84F86EEF}"
EndProject
Project("{2150E333-8FDC-42A3-9474-1A3956D46DE8}") = "Commands", "Commands", "{CF3BC3E8-EE21-4946-886A-D42D016847A3}"
EndProject
Project("{FAE04EC0-301F-11D3-BF4B-00C04F79EFBC}") = "Domain.Commands.StaticData", "domain\commands\Domain.Commands.StaticData\Domain.Commands.StaticData.csproj", "{89864A2A-65FE-4AB9-95ED-A072BA6ACAAF}"
EndProject
Project("{FAE04EC0-301F-11D3-BF4B-00C04F79EFBC}") = "Domain.Commands.Accounts.AccountsService", "domain\commands\Domain.Commands.Accounts.AccountsService\Domain.Commands.Accounts.AccountsService.csproj", "{37E5ECE2-748B-46EE-88D9-B7206317555C}"
EndProject
Project("{FAE04EC0-301F-11D3-BF4B-00C04F79EFBC}") = "Domain.Commands.Strategies.AccountsService", "domain\commands\Domain.Commands.Strategies.AccountsService\Domain.Commands.Strategies.AccountsService.csproj", "{89B04E7E-6BC3-46CE-9BBB-EF0D0066AC1F}"
EndProject
Project("{2150E333-8FDC-42A3-9474-1A3956D46DE8}") = "tests", "tests", "{C0F3E1A0-4C64-4819-828D-714E2989DF03}"
EndProject
Project("{FAE04EC0-301F-11D3-BF4B-00C04F79EFBC}") = "Tests.Mocks", "tests\Tests.Mocks\Tests.Mocks.csproj", "{A9469ADF-8F9E-4243-9ADE-3C9C4005FFF4}"
EndProject
Project("{FAE04EC0-301F-11D3-BF4B-00C04F79EFBC}") = "Domain.Events.MarketData", "domain\events\Domain.Events.MarketData\Domain.Events.MarketData.csproj", "{21C97E14-5856-45E3-AB96-E9EF98D85D78}"
EndProject
Project("{FAE04EC0-301F-11D3-BF4B-00C04F79EFBC}") = "Common.Strategies", "common\Common.Strategies\Common.Strategies.csproj", "{8C61D9C5-676C-411E-8544-E782B06266ED}"
EndProject
Project("{FAE04EC0-301F-11D3-BF4B-00C04F79EFBC}") = "Common.MarketData", "common\Common.MarketData\Common.MarketData.csproj", "{D900A604-3DC7-4CA9-9A7C-54C15261F72C}"
EndProject
Project("{FAE04EC0-301F-11D3-BF4B-00C04F79EFBC}") = "Common.MarketData.Abstractions", "common\Common.MarketData.Abstractions\Common.MarketData.Abstractions.csproj", "{F09E0BE2-8F43-4A8D-BA59-552E872C366E}"
EndProject
Project("{FAE04EC0-301F-11D3-BF4B-00C04F79EFBC}") = "Common.MarketData.Infrastructure", "common\Common.MarketData.Infrastructure\Common.MarketData.Infrastructure.csproj", "{EE5E86C2-FB6D-41AD-A401-31D5E2127C07}"
EndProject
Project("{FAE04EC0-301F-11D3-BF4B-00C04F79EFBC}") = "Domain.Queries.Strategies", "domain\queries\Domain.Queries.Strategies\Domain.Queries.Strategies.csproj", "{4E5FC47F-622C-4F99-A0E2-013F942680DE}"
EndProject
Project("{FAE04EC0-301F-11D3-BF4B-00C04F79EFBC}") = "Common.Strategies.Abstractions", "common\Common.Strategies.Abstractions\Common.Strategies.Abstractions.csproj", "{CAC85BB5-11A1-478D-8219-D1BFBEB3F31B}"
EndProject
Project("{FAE04EC0-301F-11D3-BF4B-00C04F79EFBC}") = "Common.StaticData.Abstractions", "common\Common.StaticData.Abstractions\Common.StaticData.Abstractions.csproj", "{D6D6256D-402A-442A-8350-BE73F6CD1EC8}"
EndProject
Project("{2150E333-8FDC-42A3-9474-1A3956D46DE8}") = "services", "services", "{25A91144-8B12-4FF1-99E8-F61EC8D0C5F8}"
EndProject
Project("{FAE04EC0-301F-11D3-BF4B-00C04F79EFBC}") = "AccountsCore.State", "services\AccountsCore.State\AccountsCore.State.csproj", "{E5B78791-104C-43FA-9BC1-E6F5B1C6D030}"
EndProject
Project("{FAE04EC0-301F-11D3-BF4B-00C04F79EFBC}") = "Common.ServiceBase", "common\Common.ServiceBase\Common.ServiceBase.csproj", "{9CD52776-0AAC-4CF3-8DEB-5927C71AC172}"
EndProject
Project("{FAE04EC0-301F-11D3-BF4B-00C04F79EFBC}") = "Common.ServiceBase.Tests", "common\Common.ServiceBase.Tests\Common.ServiceBase.Tests.csproj", "{DED796D3-1CDA-4673-A9FB-930B98CC3971}"
EndProject
Project("{FAE04EC0-301F-11D3-BF4B-00C04F79EFBC}") = "Common.Messaging.Json", "common\Common.Messaging.Json\Common.Messaging.Json.csproj", "{9FA0B3D9-C872-4577-8623-C151E012D91C}"
EndProject
Project("{FAE04EC0-301F-11D3-BF4B-00C04F79EFBC}") = "Common.Messaging.Patterns", "common\Common.Messaging.Patterns\Common.Messaging.Patterns.csproj", "{EC50DEA8-3EA3-44A2-B1A3-19A89A285D0D}"
EndProject
Project("{FAE04EC0-301F-11D3-BF4B-00C04F79EFBC}") = "Domain.Strategies", "domain\Domain.Strategies\Domain.Strategies.csproj", "{A363C62B-6B11-4BB0-86DD-C8D53A33B4CD}"
EndProject
Project("{FAE04EC0-301F-11D3-BF4B-00C04F79EFBC}") = "Domain.Events.Strategies.AccountsService", "domain\events\Domain.Events.Strategies.AccountsService\Domain.Events.Strategies.AccountsService.csproj", "{D34EBE54-C839-4932-A029-708CDEA7B811}"
EndProject
Project("{FAE04EC0-301F-11D3-BF4B-00C04F79EFBC}") = "Domain.StaticData", "domain\Domain.StaticData\Domain.StaticData.csproj", "{9622029B-ECA0-4AFB-952A-BF96F811F6F0}"
EndProject
Project("{FAE04EC0-301F-11D3-BF4B-00C04F79EFBC}") = "Domain.StrategyRecordsStateManager", "domain\Domain.StrategyRecordsStateManager\Domain.StrategyRecordsStateManager.csproj", "{D378718E-5DA8-4F90-BC51-2ECA8526C9DF}"
EndProject
Project("{FAE04EC0-301F-11D3-BF4B-00C04F79EFBC}") = "AccountsCore", "services\AccountsCore\AccountsCore.csproj", "{5F24A7B9-F967-40BF-B5A9-7FDF655E90B4}"
EndProject
Project("{FAE04EC0-301F-11D3-BF4B-00C04F79EFBC}") = "Domain.VirtualExecution", "domain\Domain.VirtualExecution\Domain.VirtualExecution.csproj", "{1D73717A-A752-486E-AC37-11BC94266EE3}"
EndProject
Project("{FAE04EC0-301F-11D3-BF4B-00C04F79EFBC}") = "Domain.Queries.Strategies.AccountsService", "domain\queries\Domain.Queries.Strategies.AccountsService\Domain.Queries.Strategies.AccountsService.csproj", "{986D2D30-A511-4F5D-A2DC-DC8E10D5769A}"
EndProject
Project("{FAE04EC0-301F-11D3-BF4B-00C04F79EFBC}") = "Domain.Events.Persistence", "domain\events\Domain.Events.Persistence\Domain.Events.Persistence.csproj", "{5ABA10DA-B666-4810-B254-F1D44B4AA763}"
EndProject
Project("{FAE04EC0-301F-11D3-BF4B-00C04F79EFBC}") = "StrategiesCore", "services\StrategiesCore\StrategiesCore.csproj", "{161893F9-421E-482A-A647-14B4281B7761}"
EndProject
Project("{FAE04EC0-301F-11D3-BF4B-00C04F79EFBC}") = "Domain.Strategies.StrategyStateClientManager", "domain\Domain.Strategies.StrategyStateClientManager\Domain.Strategies.StrategyStateClientManager.csproj", "{1829543F-FBCB-4D81-BB15-B867BAD7FC91}"
EndProject
Project("{FAE04EC0-301F-11D3-BF4B-00C04F79EFBC}") = "StrategiesCore.Tests", "services\StrategiesCore.Tests\StrategiesCore.Tests.csproj", "{0352A8D8-D749-4E2A-8FEA-6F263EFB065B}"
EndProject
Project("{FAE04EC0-301F-11D3-BF4B-00C04F79EFBC}") = "AccountsCore.Tests", "services\AccountsCore.Tests\AccountsCore.Tests.csproj", "{C456EF35-E0DA-41A9-9F99-C4A7A761C27F}"
EndProject
Project("{FAE04EC0-301F-11D3-BF4B-00C04F79EFBC}") = "MarketData", "services\MarketData\MarketData.csproj", "{CEF7FF19-1629-4F9A-ABD0-836C680F0EB8}"
EndProject
Project("{FAE04EC0-301F-11D3-BF4B-00C04F79EFBC}") = "Common.StaticData.InMemory", "common\Common.StaticData.InMemory\Common.StaticData.InMemory.csproj", "{FEE2F2C8-B904-4725-8580-D03E2DBA9A6E}"
EndProject
Project("{FAE04EC0-301F-11D3-BF4B-00C04F79EFBC}") = "ExecutionCore", "services\ExecutionCore\ExecutionCore.csproj", "{319530EA-172E-41AD-80FA-02D5F9CB9363}"
EndProject
Project("{FAE04EC0-301F-11D3-BF4B-00C04F79EFBC}") = "Common.Trading.Infrastructure", "common\Common.Trading.Infrastructure\Common.Trading.Infrastructure.csproj", "{6F4CADB6-F2E1-4989-A163-AB26CD54C9E9}"
EndProject
Project("{FAE04EC0-301F-11D3-BF4B-00C04F79EFBC}") = "ManagementCore", "services\ManagementCore\ManagementCore.csproj", "{E932F692-D6D4-4BD4-BB1A-27EE9C70F151}"
EndProject
Project("{2150E333-8FDC-42A3-9474-1A3956D46DE8}") = "apps", "apps", "{0F7D487C-C73D-4B17-9C1E-D8F6D04D9A04}"
EndProject
Project("{FAE04EC0-301F-11D3-BF4B-00C04F79EFBC}") = "Common.Utils.ExecutableAppBase", "common\Common.Utils.ExecutableAppBase\Common.Utils.ExecutableAppBase.csproj", "{F315B023-550D-489F-91B6-EB3ECE6B3BE1}"
EndProject
Project("{FAE04EC0-301F-11D3-BF4B-00C04F79EFBC}") = "Common.Interfaces.Api", "common\Common.Interfaces.Api\Common.Interfaces.Api.csproj", "{2F37F6A1-F15D-4372-960E-1862EAA4E92E}"
EndProject
Project("{FAE04EC0-301F-11D3-BF4B-00C04F79EFBC}") = "TradingEngine", "apps\TradingEngine\TradingEngine.csproj", "{6E2FE049-3ED3-4FFC-97DE-D7F01F8986B8}"
EndProject
Project("{FAE04EC0-301F-11D3-BF4B-00C04F79EFBC}") = "Common.Messaging.InProcess", "common\Common.Messaging.InProcess\Common.Messaging.InProcess.csproj", "{101342F6-D960-455E-BDF5-9B344D610DC2}"
EndProject
Project("{FAE04EC0-301F-11D3-BF4B-00C04F79EFBC}") = "MonolithService", "services\MonolithService\MonolithService.csproj", "{37F7E17B-A3B5-4347-B4A8-B65298D9AEE9}"
EndProject
Project("{FAE04EC0-301F-11D3-BF4B-00C04F79EFBC}") = "Api", "services\Api\Api.csproj", "{B89CFB16-038D-42BE-AB55-13361781EB0F}"
EndProject
Project("{2150E333-8FDC-42A3-9474-1A3956D46DE8}") = "ui", "ui", "{499664DF-2FD3-4A48-B723-78DD8D5A0372}"
EndProject
Project("{FAE04EC0-301F-11D3-BF4B-00C04F79EFBC}") = "UI.Interfaces", "ui\UI.Interfaces\UI.Interfaces.csproj", "{4F1422B1-7BB5-4E57-B1BA-ED68130BAC39}"
EndProject
Project("{FAE04EC0-301F-11D3-BF4B-00C04F79EFBC}") = "UI.SharedComponents.Base", "ui\UI.SharedComponents.Base\UI.SharedComponents.Base.csproj", "{686ED04E-E0E0-463D-A732-6B2BE08CC0F6}"
EndProject
Project("{FAE04EC0-301F-11D3-BF4B-00C04F79EFBC}") = "UI.SharedComponents", "ui\UI.SharedComponents\UI.SharedComponents.csproj", "{36B47DB1-320D-4680-BF5E-D634A78F2AC9}"
EndProject
Project("{FAE04EC0-301F-11D3-BF4B-00C04F79EFBC}") = "UI.SharedComponents.Accounts", "ui\UI.SharedComponents.Accounts\UI.SharedComponents.Accounts.csproj", "{775587CC-FC8E-4174-9B8B-A4DF85BF95E2}"
EndProject
Project("{FAE04EC0-301F-11D3-BF4B-00C04F79EFBC}") = "UI.SharedComponents.StaticData", "ui\UI.SharedComponents.StaticData\UI.SharedComponents.StaticData.csproj", "{DEA2B109-9CD0-4DB7-8C68-789E62A5A096}"
EndProject
Project("{FAE04EC0-301F-11D3-BF4B-00C04F79EFBC}") = "UI.App.Platform", "ui\UI.App.Platform\UI.App.Platform.csproj", "{E679DBF0-70E9-4EAB-8C58-6A81EB5BB2F5}"
EndProject
Project("{FAE04EC0-301F-11D3-BF4B-00C04F79EFBC}") = "ApiClient", "ui\ApiClient\ApiClient.csproj", "{7C3ABED7-FA0E-4B1D-ABC5-C5F9E32E180D}"
EndProject
Project("{FAE04EC0-301F-11D3-BF4B-00C04F79EFBC}") = "UI.ApiWrapper", "ui\UI.ApiWrapper\UI.ApiWrapper.csproj", "{AC4C8955-2AD3-4A54-A051-8F881982BF24}"
EndProject
Project("{2150E333-8FDC-42A3-9474-1A3956D46DE8}") = "connectors", "connectors", "{4CAB4004-74B9-4CDD-9DF3-FD287491BD29}"
EndProject
Project("{FAE04EC0-301F-11D3-BF4B-00C04F79EFBC}") = "Connectors.Common", "connectors\Connectors.Common\Connectors.Common.csproj", "{5952F9F6-8AC3-43B7-9B98-C5F0994460B2}"
EndProject
Project("{FAE04EC0-301F-11D3-BF4B-00C04F79EFBC}") = "Binance.Common", "connectors\Binance\Binance.Common\Binance.Common.csproj", "{F994F7CA-64AA-41DF-8474-39E59F1C0AD9}"
EndProject
Project("{2150E333-8FDC-42A3-9474-1A3956D46DE8}") = "Binance", "Binance", "{62DC1378-91FA-4935-BA25-16555209C540}"
EndProject
Project("{FAE04EC0-301F-11D3-BF4B-00C04F79EFBC}") = "Binance.Futures.USDM", "connectors\Binance\Binance.Futures.USDM\Binance.Futures.USDM.csproj", "{42D8C584-F9E4-4083-948F-C4BB9963A31C}"
EndProject
Project("{FAE04EC0-301F-11D3-BF4B-00C04F79EFBC}") = "Connectors.Common.Crypthography", "connectors\Connectors.Common.Crypthography\Connectors.Common.Crypthography.csproj", "{8948F464-FF9D-4CCB-9EFE-C110C860BBEF}"
EndProject
Project("{FAE04EC0-301F-11D3-BF4B-00C04F79EFBC}") = "GenericWebSocketClient", "connectors\GenericWebSocketClient\GenericWebSocketClient.csproj", "{995CF239-0177-4D91-B0AE-7C35DBC02F32}"
EndProject
Project("{2150E333-8FDC-42A3-9474-1A3956D46DE8}") = "Ibkr", "Ibkr", "{1BBD5AF8-1E25-424A-9D6C-723A0C058889}"
EndProject
Project("{FAE04EC0-301F-11D3-BF4B-00C04F79EFBC}") = "CSharpAPI", "connectors\Ibkr\CSharpClient\client\CSharpAPI.csproj", "{971E61C2-7CAA-4B10-8368-E198E6C19062}"
EndProject
Project("{FAE04EC0-301F-11D3-BF4B-00C04F79EFBC}") = "Ibkr.Common", "connectors\Ibkr\Ibkr.Common\Ibkr.Common.csproj", "{66A26E82-3FD2-483E-8F40-6A0BD957941A}"
EndProject
Project("{FAE04EC0-301F-11D3-BF4B-00C04F79EFBC}") = "Ibkr.Interfaces", "connectors\Ibkr\Ibkr.Interfaces\Ibkr.Interfaces.csproj", "{6A231500-6F07-4957-AFA6-D98AB63496A3}"
EndProject
Project("{FAE04EC0-301F-11D3-BF4B-00C04F79EFBC}") = "Ibkr.TwsApi.BaseClient", "connectors\Ibkr\Ibkr.TwsApi.BaseClient\Ibkr.TwsApi.BaseClient.csproj", "{F5C088E1-07F1-4932-B8E1-9704C385A035}"
EndProject
Project("{FAE04EC0-301F-11D3-BF4B-00C04F79EFBC}") = "Ibkr.TwsApi.MarketDataClient", "connectors\Ibkr\Ibkr.TwsApi.MarketDataClient\Ibkr.TwsApi.MarketDataClient.csproj", "{5C9EE7AA-C2BB-4F94-A851-7CAE69D79231}"
EndProject
Project("{FAE04EC0-301F-11D3-BF4B-00C04F79EFBC}") = "Ibkr.TwsApi.TradingClient", "connectors\Ibkr\Ibkr.TwsApi.TradingClient\Ibkr.TwsApi.TradingClient.csproj", "{69BB6B61-F7B2-45DB-B057-8A8E1A3491E0}"
EndProject
Project("{2150E333-8FDC-42A3-9474-1A3956D46DE8}") = "deployment", "deployment", "{F792314E-5C3F-40FF-807C-74509FB46836}"
EndProject
Project("{FAE04EC0-301F-11D3-BF4B-00C04F79EFBC}") = "Common.Utils.Cryptography", "common\Common.Utils.Cryptography\Common.Utils.Cryptography.csproj", "{EB0E875B-6B7D-41D7-9A67-525B79796939}"
EndProject
Project("{FAE04EC0-301F-11D3-BF4B-00C04F79EFBC}") = "OpenApiGenerator", "services\OpenApiGenerator\OpenApiGenerator.csproj", "{4D77751B-3FBF-4EE9-8597-F6CAEF0013D7}"
EndProject
Project("{FAE04EC0-301F-11D3-BF4B-00C04F79EFBC}") = "BacktestingCore", "services\BacktestingCore\BacktestingCore.csproj", "{AF30C24D-FDC8-42FD-9B01-0771E8FBD91F}"
EndProject
Project("{FAE04EC0-301F-11D3-BF4B-00C04F79EFBC}") = "Common.Backtesting.Abstractions", "common\Common.Backtesting.Abstractions\Common.Backtesting.Abstractions.csproj", "{E8903B9F-9F66-4106-8876-A59C90DB8056}"
EndProject
Project("{FAE04EC0-301F-11D3-BF4B-00C04F79EFBC}") = "TesterUI", "apps\TesterUI\TesterUI.csproj", "{543F69E7-1DFF-43A1-913B-11C807D6EE7C}"
EndProject
Project("{FAE04EC0-301F-11D3-BF4B-00C04F79EFBC}") = "Api.Backtesting", "services\Api.Backtesting\Api.Backtesting.csproj", "{0D29E3BB-D9A9-4149-AC7F-4B41AC5D3CD1}"
EndProject
Project("{FAE04EC0-301F-11D3-BF4B-00C04F79EFBC}") = "Common.Interfaces.Api.Backtesting", "common\Common.Interfaces.Api.Backtesting\Common.Interfaces.Api.Backtesting.csproj", "{46ED4DF2-38D2-4A61-9D6D-0E830E6C1827}"
EndProject
Project("{FAE04EC0-301F-11D3-BF4B-00C04F79EFBC}") = "Databases.Backtesting.Sqlite", "db\Databases.Backtesting.Sqlite\Databases.Backtesting.Sqlite.csproj", "{68D6E71A-15AA-4DA5-8BCF-BA27CB70AEF7}"
EndProject
Project("{FAE04EC0-301F-11D3-BF4B-00C04F79EFBC}") = "UI.App.Backtester", "ui\UI.App.Backtester\UI.App.Backtester.csproj", "{3701447D-BE1F-4C0F-948D-8379C4ADEBFF}"
EndProject
Project("{FAE04EC0-301F-11D3-BF4B-00C04F79EFBC}") = "UI.Interfaces.Backtesting", "ui\UI.Interfaces.Backtesting\UI.Interfaces.Backtesting.csproj", "{21F4F2F3-2FB5-40F2-B1F1-8E81264E810C}"
EndProject
Project("{FAE04EC0-301F-11D3-BF4B-00C04F79EFBC}") = "UI.SharedComponents.Backtesting", "ui\UI.SharedComponents.Backtesting\UI.SharedComponents.Backtesting.csproj", "{709E772B-56C5-46A7-8E6A-27ED5CC096B0}"
EndProject
Project("{2150E333-8FDC-42A3-9474-1A3956D46DE8}") = "backtesting", "backtesting", "{052FCE92-B7AE-47BB-9BE1-E3252E5E500B}"
EndProject
Project("{FAE04EC0-301F-11D3-BF4B-00C04F79EFBC}") = "FileResultsRepository", "backtesting\FileResultsRepository\FileResultsRepository.csproj", "{E29DFE9C-5931-43C9-8063-1BAC6CD6CCC5}"
EndProject
Project("{FAE04EC0-301F-11D3-BF4B-00C04F79EFBC}") = "OpenApiGenerator.Backtesting", "services\OpenApiGenerator.Backtesting\OpenApiGenerator.Backtesting.csproj", "{43786EAA-7D46-45E9-A27C-9BC619B13DB9}"
EndProject
Project("{FAE04EC0-301F-11D3-BF4B-00C04F79EFBC}") = "ApiClient.Backtesting", "ui\ApiClient.Backtesting\ApiClient.Backtesting.csproj", "{7DED381D-9F17-4D7F-A7E4-54B7F622BB28}"
EndProject
Project("{FAE04EC0-301F-11D3-BF4B-00C04F79EFBC}") = "UI.ApiWrapper.Backtesting", "ui\UI.ApiWrapper.Backtesting\UI.ApiWrapper.Backtesting.csproj", "{2F0FEAB0-6B94-465D-82CC-10E447FC399A}"
EndProject
Project("{FAE04EC0-301F-11D3-BF4B-00C04F79EFBC}") = "LocalMarketDataStorage", "backtesting\LocalMarketDataStorage\LocalMarketDataStorage.csproj", "{81AEAC46-9232-400E-AEBA-F11CB4D13049}"
EndProject
Project("{FAE04EC0-301F-11D3-BF4B-00C04F79EFBC}") = "ParquetBarsStorage", "backtesting\ParquetBarsStorage\ParquetBarsStorage.csproj", "{3DBBBE1B-BACE-4DC2-BCC9-9A755F5C86AE}"
EndProject
Project("{FAE04EC0-301F-11D3-BF4B-00C04F79EFBC}") = "TextBarsStorage", "backtesting\TextBarsStorage\TextBarsStorage.csproj", "{4B140E73-F5AB-4921-A05F-DBBF258FDE3C}"
EndProject
Project("{FAE04EC0-301F-11D3-BF4B-00C04F79EFBC}") = "LocalTestServer", "services\LocalTestServer\LocalTestServer.csproj", "{CFCAF5FB-3029-4A7F-B108-78054FDD823E}"
EndProject
Project("{FAE04EC0-301F-11D3-BF4B-00C04F79EFBC}") = "StrategyTesterCli", "apps\StrategyTesterCli\StrategyTesterCli.csproj", "{8A60C50A-2C0C-47C8-B406-938699693FD0}"
EndProject
Project("{FAE04EC0-301F-11D3-BF4B-00C04F79EFBC}") = "LocalTestServerWrapper", "backtesting\LocalTestServerWrapper\LocalTestServerWrapper.csproj", "{EB661C85-89EA-4619-BF0E-1E273FA99813}"
EndProject
Project("{FAE04EC0-301F-11D3-BF4B-00C04F79EFBC}") = "Api.StaticData", "services\Api.StaticData\Api.StaticData.csproj", "{A76722F8-2665-487C-BC66-080482571CA5}"
EndProject
Project("{2150E333-8FDC-42A3-9474-1A3956D46DE8}") = ".github", ".github", "{D628DDB8-3BA1-40EB-9455-0510AA9C84B1}"
EndProject
Project("{2150E333-8FDC-42A3-9474-1A3956D46DE8}") = "workflows", "workflows", "{8F121863-88E7-4B5B-BE90-2AB3ACAA2B4B}"
	ProjectSection(SolutionItems) = preProject
		.github\workflows\publish-trading-platform.yml = .github\workflows\publish-trading-platform.yml
		.github\workflows\run-unit-tests.yml = .github\workflows\run-unit-tests.yml
		.github\workflows\publish-tester.yml = .github\workflows\publish-tester.yml
	EndProjectSection
EndProject
Project("{2150E333-8FDC-42A3-9474-1A3956D46DE8}") = "trading-engine", "trading-engine", "{27C64D78-7FB0-4E1D-B40D-EED43D889541}"
	ProjectSection(SolutionItems) = preProject
		deployment\trading-engine\docker-run.sh = deployment\trading-engine\docker-run.sh
		deployment\trading-engine\.env = deployment\trading-engine\.env
	EndProjectSection
EndProject
Project("{2150E333-8FDC-42A3-9474-1A3956D46DE8}") = "tester-ui", "tester-ui", "{46C690F4-EE56-4142-8BBE-5DB0425B9979}"
	ProjectSection(SolutionItems) = preProject
		deployment\tester-ui\.env = deployment\tester-ui\.env
		deployment\tester-ui\compose.yaml = deployment\tester-ui\compose.yaml
		deployment\tester-ui\compose.paths.yaml = deployment\tester-ui\compose.paths.yaml
		deployment\tester-ui\compose.postgres.yaml = deployment\tester-ui\compose.postgres.yaml
	EndProjectSection
EndProject
Project("{FAE04EC0-301F-11D3-BF4B-00C04F79EFBC}") = "UI.SharedComponents.Infrastructure", "ui\UI.SharedComponents.Infrastructure\UI.SharedComponents.Infrastructure.csproj", "{E1450928-7407-4797-8392-AA4ABD6EF011}"
EndProject
Project("{FAE04EC0-301F-11D3-BF4B-00C04F79EFBC}") = "UI.SharedComponents.Strategies", "ui\UI.SharedComponents.Strategies\UI.SharedComponents.Strategies.csproj", "{9EE27F4E-3B41-4D29-A5C7-CC08FF7000D4}"
EndProject
Project("{FAE04EC0-301F-11D3-BF4B-00C04F79EFBC}") = "UI.SharedComponents.Binance", "ui\UI.SharedComponents.Binance\UI.SharedComponents.Binance.csproj", "{7A0F1515-29B8-4949-939C-6B7E41BBC09D}"
EndProject
Project("{FAE04EC0-301F-11D3-BF4B-00C04F79EFBC}") = "Binance.StaticDataClient", "connectors\Binance\Binance.StaticDataClient\Binance.StaticDataClient.csproj", "{74C11FB7-9511-41B6-BACC-E3FE5E11371B}"
EndProject
Project("{FAE04EC0-301F-11D3-BF4B-00C04F79EFBC}") = "Api.Binance", "services\Api.Binance\Api.Binance.csproj", "{BC2377B4-3C47-457E-8117-681FAEC4A05B}"
EndProject
Project("{FAE04EC0-301F-11D3-BF4B-00C04F79EFBC}") = "OpenApiGenerator.Binance", "services\OpenApiGenerator.Binance\OpenApiGenerator.Binance.csproj", "{41586DB5-625E-4F6C-AA79-4C4CEE85138D}"
EndProject
Project("{FAE04EC0-301F-11D3-BF4B-00C04F79EFBC}") = "ApiClient.Binance", "ui\ApiClient.Binance\ApiClient.Binance.csproj", "{33E866F5-5B6B-4020-BF1D-1824A36E6411}"
EndProject
Project("{FAE04EC0-301F-11D3-BF4B-00C04F79EFBC}") = "UI.ApiWrapper.Binance", "ui\UI.ApiWrapper.Binance\UI.ApiWrapper.Binance.csproj", "{40FD4F60-5F80-446B-870C-CA13872485D1}"
EndProject
Project("{FAE04EC0-301F-11D3-BF4B-00C04F79EFBC}") = "Binance.StaticDataClient.Tests", "connectors\Binance\Binance.StaticDataClient.Tests\Binance.StaticDataClient.Tests.csproj", "{8C17089B-611C-4CCD-A4C5-E99B9934A693}"
EndProject
Project("{FAE04EC0-301F-11D3-BF4B-00C04F79EFBC}") = "Binance.Futures.USDM.Tests", "connectors\Binance\Binance.Futures.USDM.Tests\Binance.Futures.USDM.Tests.csproj", "{E94D1D7A-1AA7-4DFE-86A4-E81E0F2D9817}"
EndProject
Project("{FAE04EC0-301F-11D3-BF4B-00C04F79EFBC}") = "LocalMarketDataStorage.Tests", "backtesting\LocalMarketDataStorage.Tests\LocalMarketDataStorage.Tests.csproj", "{50463FDB-958F-4370-8DD7-C64A1F93B5CA}"
EndProject
Project("{FAE04EC0-301F-11D3-BF4B-00C04F79EFBC}") = "ConvertCsvToParquet", "apps\ConvertCsvToParquet\ConvertCsvToParquet.csproj", "{FA9809CE-992D-4066-AA57-7C115A6A649C}"
EndProject
Global
	GlobalSection(SolutionConfigurationPlatforms) = preSolution
		Debug|Any CPU = Debug|Any CPU
		Release|Any CPU = Release|Any CPU
	EndGlobalSection
	GlobalSection(NestedProjects) = preSolution
		{9FB43BE1-9878-4544-BA48-2BC901BC0AF0} = {8440C192-9A65-4DAD-8B76-AE56665BBC8F}
		{84FF25C2-E050-4584-A2BD-47EDA30A19FE} = {8440C192-9A65-4DAD-8B76-AE56665BBC8F}
		{BFC1A721-3FD1-4EA2-8769-4AC650CCECE2} = {8440C192-9A65-4DAD-8B76-AE56665BBC8F}
		{5577A645-F5F6-463C-8C77-56D8498561DF} = {473CE92D-0AE7-41AB-AB9D-FDFE65199CA0}
		{8CFAAB0E-44E6-43AA-9962-7A3E63711388} = {473CE92D-0AE7-41AB-AB9D-FDFE65199CA0}
		{6F1ACEF3-CD40-4BEE-A5D4-F39A2E2A28C6} = {473CE92D-0AE7-41AB-AB9D-FDFE65199CA0}
		{17012FE5-CD78-4C64-8AC8-4EC7165452B3} = {473CE92D-0AE7-41AB-AB9D-FDFE65199CA0}
		{632EA74D-F821-4560-8624-25C7E6B86F46} = {473CE92D-0AE7-41AB-AB9D-FDFE65199CA0}
		{3F2E5FA1-24D7-420F-901B-72AB906CF02B} = {473CE92D-0AE7-41AB-AB9D-FDFE65199CA0}
		{ACC18BF7-543E-4891-AD0A-D146288EAF4B} = {473CE92D-0AE7-41AB-AB9D-FDFE65199CA0}
		{9827DF28-1C64-4C71-ACD6-8E454C28EDE5} = {473CE92D-0AE7-41AB-AB9D-FDFE65199CA0}
		{B1B197BA-803D-4CEE-9DC5-325C741809DA} = {473CE92D-0AE7-41AB-AB9D-FDFE65199CA0}
		{A2B95775-5D96-4B01-AB47-26C294340C8F} = {473CE92D-0AE7-41AB-AB9D-FDFE65199CA0}
		{CD08F4E4-EB2D-4554-9657-0DC950F2FE7C} = {473CE92D-0AE7-41AB-AB9D-FDFE65199CA0}
		{78915996-2C2A-4845-8CAC-28C243040215} = {4DA9B9F5-BEC3-454F-BE4E-3811E48CAA31}
		{E75C5C6A-2AB9-4BFB-8D99-54482C81B313} = {4DA9B9F5-BEC3-454F-BE4E-3811E48CAA31}
		{D09090B8-5112-4C6A-B6DB-2C14763F3E92} = {4DA9B9F5-BEC3-454F-BE4E-3811E48CAA31}
		{E4F0C05E-A421-4E85-80E0-08F2CACB1F72} = {4DA9B9F5-BEC3-454F-BE4E-3811E48CAA31}
		{A6B5A653-3C37-4931-BB51-28DD3DB02268} = {473CE92D-0AE7-41AB-AB9D-FDFE65199CA0}
		{B5E3E42D-F099-4A97-9A77-7049D447CE86} = {A6B5A653-3C37-4931-BB51-28DD3DB02268}
		{B53C94B4-AF22-4D3E-8F52-E0BFA64F753F} = {A6B5A653-3C37-4931-BB51-28DD3DB02268}
		{C57EA87E-7840-4472-9761-D4D7AD3BB1E0} = {A6B5A653-3C37-4931-BB51-28DD3DB02268}
		{C007A449-0693-45B5-B89D-E1B71E0DC151} = {A6B5A653-3C37-4931-BB51-28DD3DB02268}
		{A31F9B5F-1741-4228-9989-A799DFD5A905} = {473CE92D-0AE7-41AB-AB9D-FDFE65199CA0}
		{22AFBCBC-0BB3-42AD-9747-458A1E672505} = {A31F9B5F-1741-4228-9989-A799DFD5A905}
		{40F53A48-56DA-414B-A28C-935B45A33A3E} = {A31F9B5F-1741-4228-9989-A799DFD5A905}
		{7D5D556C-0F92-466E-A71C-DB2F8D67F552} = {A31F9B5F-1741-4228-9989-A799DFD5A905}
		{5BDB411B-1FE0-40D3-95B2-2BB5D8B71F32} = {A31F9B5F-1741-4228-9989-A799DFD5A905}
		{2158F8BA-D56A-45C4-ACA2-B2464ACD79E7} = {4DA9B9F5-BEC3-454F-BE4E-3811E48CAA31}
		{B6BD01D8-CE12-48F6-91A6-BE27D34A3D92} = {4DA9B9F5-BEC3-454F-BE4E-3811E48CAA31}
		{9679F020-89D3-4E83-B93B-16AB84F86EEF} = {4DA9B9F5-BEC3-454F-BE4E-3811E48CAA31}
		{CF3BC3E8-EE21-4946-886A-D42D016847A3} = {473CE92D-0AE7-41AB-AB9D-FDFE65199CA0}
		{89864A2A-65FE-4AB9-95ED-A072BA6ACAAF} = {CF3BC3E8-EE21-4946-886A-D42D016847A3}
		{37E5ECE2-748B-46EE-88D9-B7206317555C} = {CF3BC3E8-EE21-4946-886A-D42D016847A3}
		{89B04E7E-6BC3-46CE-9BBB-EF0D0066AC1F} = {CF3BC3E8-EE21-4946-886A-D42D016847A3}
		{A9469ADF-8F9E-4243-9ADE-3C9C4005FFF4} = {C0F3E1A0-4C64-4819-828D-714E2989DF03}
		{21C97E14-5856-45E3-AB96-E9EF98D85D78} = {A6B5A653-3C37-4931-BB51-28DD3DB02268}
		{8C61D9C5-676C-411E-8544-E782B06266ED} = {4DA9B9F5-BEC3-454F-BE4E-3811E48CAA31}
		{D900A604-3DC7-4CA9-9A7C-54C15261F72C} = {4DA9B9F5-BEC3-454F-BE4E-3811E48CAA31}
		{F09E0BE2-8F43-4A8D-BA59-552E872C366E} = {4DA9B9F5-BEC3-454F-BE4E-3811E48CAA31}
		{EE5E86C2-FB6D-41AD-A401-31D5E2127C07} = {4DA9B9F5-BEC3-454F-BE4E-3811E48CAA31}
		{4E5FC47F-622C-4F99-A0E2-013F942680DE} = {A31F9B5F-1741-4228-9989-A799DFD5A905}
		{CAC85BB5-11A1-478D-8219-D1BFBEB3F31B} = {4DA9B9F5-BEC3-454F-BE4E-3811E48CAA31}
		{D6D6256D-402A-442A-8350-BE73F6CD1EC8} = {4DA9B9F5-BEC3-454F-BE4E-3811E48CAA31}
		{E5B78791-104C-43FA-9BC1-E6F5B1C6D030} = {25A91144-8B12-4FF1-99E8-F61EC8D0C5F8}
		{9CD52776-0AAC-4CF3-8DEB-5927C71AC172} = {4DA9B9F5-BEC3-454F-BE4E-3811E48CAA31}
		{DED796D3-1CDA-4673-A9FB-930B98CC3971} = {4DA9B9F5-BEC3-454F-BE4E-3811E48CAA31}
		{9FA0B3D9-C872-4577-8623-C151E012D91C} = {4DA9B9F5-BEC3-454F-BE4E-3811E48CAA31}
		{EC50DEA8-3EA3-44A2-B1A3-19A89A285D0D} = {4DA9B9F5-BEC3-454F-BE4E-3811E48CAA31}
		{A363C62B-6B11-4BB0-86DD-C8D53A33B4CD} = {473CE92D-0AE7-41AB-AB9D-FDFE65199CA0}
		{D34EBE54-C839-4932-A029-708CDEA7B811} = {A6B5A653-3C37-4931-BB51-28DD3DB02268}
		{9622029B-ECA0-4AFB-952A-BF96F811F6F0} = {473CE92D-0AE7-41AB-AB9D-FDFE65199CA0}
		{D378718E-5DA8-4F90-BC51-2ECA8526C9DF} = {473CE92D-0AE7-41AB-AB9D-FDFE65199CA0}
		{5F24A7B9-F967-40BF-B5A9-7FDF655E90B4} = {25A91144-8B12-4FF1-99E8-F61EC8D0C5F8}
		{1D73717A-A752-486E-AC37-11BC94266EE3} = {473CE92D-0AE7-41AB-AB9D-FDFE65199CA0}
		{986D2D30-A511-4F5D-A2DC-DC8E10D5769A} = {A31F9B5F-1741-4228-9989-A799DFD5A905}
		{5ABA10DA-B666-4810-B254-F1D44B4AA763} = {A6B5A653-3C37-4931-BB51-28DD3DB02268}
		{161893F9-421E-482A-A647-14B4281B7761} = {25A91144-8B12-4FF1-99E8-F61EC8D0C5F8}
		{1829543F-FBCB-4D81-BB15-B867BAD7FC91} = {473CE92D-0AE7-41AB-AB9D-FDFE65199CA0}
		{0352A8D8-D749-4E2A-8FEA-6F263EFB065B} = {25A91144-8B12-4FF1-99E8-F61EC8D0C5F8}
		{C456EF35-E0DA-41A9-9F99-C4A7A761C27F} = {25A91144-8B12-4FF1-99E8-F61EC8D0C5F8}
		{CEF7FF19-1629-4F9A-ABD0-836C680F0EB8} = {25A91144-8B12-4FF1-99E8-F61EC8D0C5F8}
		{FEE2F2C8-B904-4725-8580-D03E2DBA9A6E} = {4DA9B9F5-BEC3-454F-BE4E-3811E48CAA31}
		{319530EA-172E-41AD-80FA-02D5F9CB9363} = {25A91144-8B12-4FF1-99E8-F61EC8D0C5F8}
		{6F4CADB6-F2E1-4989-A163-AB26CD54C9E9} = {4DA9B9F5-BEC3-454F-BE4E-3811E48CAA31}
		{E932F692-D6D4-4BD4-BB1A-27EE9C70F151} = {25A91144-8B12-4FF1-99E8-F61EC8D0C5F8}
		{F315B023-550D-489F-91B6-EB3ECE6B3BE1} = {4DA9B9F5-BEC3-454F-BE4E-3811E48CAA31}
		{2F37F6A1-F15D-4372-960E-1862EAA4E92E} = {4DA9B9F5-BEC3-454F-BE4E-3811E48CAA31}
		{6E2FE049-3ED3-4FFC-97DE-D7F01F8986B8} = {0F7D487C-C73D-4B17-9C1E-D8F6D04D9A04}
		{101342F6-D960-455E-BDF5-9B344D610DC2} = {4DA9B9F5-BEC3-454F-BE4E-3811E48CAA31}
		{37F7E17B-A3B5-4347-B4A8-B65298D9AEE9} = {25A91144-8B12-4FF1-99E8-F61EC8D0C5F8}
		{B89CFB16-038D-42BE-AB55-13361781EB0F} = {25A91144-8B12-4FF1-99E8-F61EC8D0C5F8}
		{4F1422B1-7BB5-4E57-B1BA-ED68130BAC39} = {499664DF-2FD3-4A48-B723-78DD8D5A0372}
		{686ED04E-E0E0-463D-A732-6B2BE08CC0F6} = {499664DF-2FD3-4A48-B723-78DD8D5A0372}
		{36B47DB1-320D-4680-BF5E-D634A78F2AC9} = {499664DF-2FD3-4A48-B723-78DD8D5A0372}
		{775587CC-FC8E-4174-9B8B-A4DF85BF95E2} = {499664DF-2FD3-4A48-B723-78DD8D5A0372}
		{DEA2B109-9CD0-4DB7-8C68-789E62A5A096} = {499664DF-2FD3-4A48-B723-78DD8D5A0372}
		{E679DBF0-70E9-4EAB-8C58-6A81EB5BB2F5} = {499664DF-2FD3-4A48-B723-78DD8D5A0372}
		{7C3ABED7-FA0E-4B1D-ABC5-C5F9E32E180D} = {499664DF-2FD3-4A48-B723-78DD8D5A0372}
		{AC4C8955-2AD3-4A54-A051-8F881982BF24} = {499664DF-2FD3-4A48-B723-78DD8D5A0372}
		{5952F9F6-8AC3-43B7-9B98-C5F0994460B2} = {4CAB4004-74B9-4CDD-9DF3-FD287491BD29}
		{62DC1378-91FA-4935-BA25-16555209C540} = {4CAB4004-74B9-4CDD-9DF3-FD287491BD29}
		{F994F7CA-64AA-41DF-8474-39E59F1C0AD9} = {62DC1378-91FA-4935-BA25-16555209C540}
		{42D8C584-F9E4-4083-948F-C4BB9963A31C} = {62DC1378-91FA-4935-BA25-16555209C540}
		{8948F464-FF9D-4CCB-9EFE-C110C860BBEF} = {4CAB4004-74B9-4CDD-9DF3-FD287491BD29}
		{995CF239-0177-4D91-B0AE-7C35DBC02F32} = {4CAB4004-74B9-4CDD-9DF3-FD287491BD29}
		{1BBD5AF8-1E25-424A-9D6C-723A0C058889} = {4CAB4004-74B9-4CDD-9DF3-FD287491BD29}
		{971E61C2-7CAA-4B10-8368-E198E6C19062} = {1BBD5AF8-1E25-424A-9D6C-723A0C058889}
		{66A26E82-3FD2-483E-8F40-6A0BD957941A} = {1BBD5AF8-1E25-424A-9D6C-723A0C058889}
		{6A231500-6F07-4957-AFA6-D98AB63496A3} = {1BBD5AF8-1E25-424A-9D6C-723A0C058889}
		{F5C088E1-07F1-4932-B8E1-9704C385A035} = {1BBD5AF8-1E25-424A-9D6C-723A0C058889}
		{5C9EE7AA-C2BB-4F94-A851-7CAE69D79231} = {1BBD5AF8-1E25-424A-9D6C-723A0C058889}
		{69BB6B61-F7B2-45DB-B057-8A8E1A3491E0} = {1BBD5AF8-1E25-424A-9D6C-723A0C058889}
		{EB0E875B-6B7D-41D7-9A67-525B79796939} = {4DA9B9F5-BEC3-454F-BE4E-3811E48CAA31}
		{4D77751B-3FBF-4EE9-8597-F6CAEF0013D7} = {25A91144-8B12-4FF1-99E8-F61EC8D0C5F8}
		{AF30C24D-FDC8-42FD-9B01-0771E8FBD91F} = {25A91144-8B12-4FF1-99E8-F61EC8D0C5F8}
		{E8903B9F-9F66-4106-8876-A59C90DB8056} = {4DA9B9F5-BEC3-454F-BE4E-3811E48CAA31}
		{543F69E7-1DFF-43A1-913B-11C807D6EE7C} = {0F7D487C-C73D-4B17-9C1E-D8F6D04D9A04}
		{0D29E3BB-D9A9-4149-AC7F-4B41AC5D3CD1} = {25A91144-8B12-4FF1-99E8-F61EC8D0C5F8}
		{46ED4DF2-38D2-4A61-9D6D-0E830E6C1827} = {4DA9B9F5-BEC3-454F-BE4E-3811E48CAA31}
		{68D6E71A-15AA-4DA5-8BCF-BA27CB70AEF7} = {8440C192-9A65-4DAD-8B76-AE56665BBC8F}
		{3701447D-BE1F-4C0F-948D-8379C4ADEBFF} = {499664DF-2FD3-4A48-B723-78DD8D5A0372}
		{21F4F2F3-2FB5-40F2-B1F1-8E81264E810C} = {499664DF-2FD3-4A48-B723-78DD8D5A0372}
		{709E772B-56C5-46A7-8E6A-27ED5CC096B0} = {499664DF-2FD3-4A48-B723-78DD8D5A0372}
		{E29DFE9C-5931-43C9-8063-1BAC6CD6CCC5} = {052FCE92-B7AE-47BB-9BE1-E3252E5E500B}
		{43786EAA-7D46-45E9-A27C-9BC619B13DB9} = {25A91144-8B12-4FF1-99E8-F61EC8D0C5F8}
		{7DED381D-9F17-4D7F-A7E4-54B7F622BB28} = {499664DF-2FD3-4A48-B723-78DD8D5A0372}
		{2F0FEAB0-6B94-465D-82CC-10E447FC399A} = {499664DF-2FD3-4A48-B723-78DD8D5A0372}
		{81AEAC46-9232-400E-AEBA-F11CB4D13049} = {052FCE92-B7AE-47BB-9BE1-E3252E5E500B}
		{3DBBBE1B-BACE-4DC2-BCC9-9A755F5C86AE} = {052FCE92-B7AE-47BB-9BE1-E3252E5E500B}
		{4B140E73-F5AB-4921-A05F-DBBF258FDE3C} = {052FCE92-B7AE-47BB-9BE1-E3252E5E500B}
		{CFCAF5FB-3029-4A7F-B108-78054FDD823E} = {25A91144-8B12-4FF1-99E8-F61EC8D0C5F8}
		{8A60C50A-2C0C-47C8-B406-938699693FD0} = {0F7D487C-C73D-4B17-9C1E-D8F6D04D9A04}
		{EB661C85-89EA-4619-BF0E-1E273FA99813} = {052FCE92-B7AE-47BB-9BE1-E3252E5E500B}
		{A76722F8-2665-487C-BC66-080482571CA5} = {25A91144-8B12-4FF1-99E8-F61EC8D0C5F8}
		{8F121863-88E7-4B5B-BE90-2AB3ACAA2B4B} = {D628DDB8-3BA1-40EB-9455-0510AA9C84B1}
		{27C64D78-7FB0-4E1D-B40D-EED43D889541} = {F792314E-5C3F-40FF-807C-74509FB46836}
		{46C690F4-EE56-4142-8BBE-5DB0425B9979} = {F792314E-5C3F-40FF-807C-74509FB46836}
		{E1450928-7407-4797-8392-AA4ABD6EF011} = {499664DF-2FD3-4A48-B723-78DD8D5A0372}
		{9EE27F4E-3B41-4D29-A5C7-CC08FF7000D4} = {499664DF-2FD3-4A48-B723-78DD8D5A0372}
		{7A0F1515-29B8-4949-939C-6B7E41BBC09D} = {499664DF-2FD3-4A48-B723-78DD8D5A0372}
		{74C11FB7-9511-41B6-BACC-E3FE5E11371B} = {62DC1378-91FA-4935-BA25-16555209C540}
		{BC2377B4-3C47-457E-8117-681FAEC4A05B} = {25A91144-8B12-4FF1-99E8-F61EC8D0C5F8}
		{41586DB5-625E-4F6C-AA79-4C4CEE85138D} = {25A91144-8B12-4FF1-99E8-F61EC8D0C5F8}
		{33E866F5-5B6B-4020-BF1D-1824A36E6411} = {499664DF-2FD3-4A48-B723-78DD8D5A0372}
		{40FD4F60-5F80-446B-870C-CA13872485D1} = {499664DF-2FD3-4A48-B723-78DD8D5A0372}
		{8C17089B-611C-4CCD-A4C5-E99B9934A693} = {62DC1378-91FA-4935-BA25-16555209C540}
		{E94D1D7A-1AA7-4DFE-86A4-E81E0F2D9817} = {62DC1378-91FA-4935-BA25-16555209C540}
		{50463FDB-958F-4370-8DD7-C64A1F93B5CA} = {052FCE92-B7AE-47BB-9BE1-E3252E5E500B}
		{FA9809CE-992D-4066-AA57-7C115A6A649C} = {0F7D487C-C73D-4B17-9C1E-D8F6D04D9A04}
	EndGlobalSection
	GlobalSection(ProjectConfigurationPlatforms) = postSolution
		{9FB43BE1-9878-4544-BA48-2BC901BC0AF0}.Debug|Any CPU.ActiveCfg = Debug|Any CPU
		{9FB43BE1-9878-4544-BA48-2BC901BC0AF0}.Debug|Any CPU.Build.0 = Debug|Any CPU
		{9FB43BE1-9878-4544-BA48-2BC901BC0AF0}.Release|Any CPU.ActiveCfg = Release|Any CPU
		{9FB43BE1-9878-4544-BA48-2BC901BC0AF0}.Release|Any CPU.Build.0 = Release|Any CPU
		{84FF25C2-E050-4584-A2BD-47EDA30A19FE}.Debug|Any CPU.ActiveCfg = Debug|Any CPU
		{84FF25C2-E050-4584-A2BD-47EDA30A19FE}.Debug|Any CPU.Build.0 = Debug|Any CPU
		{84FF25C2-E050-4584-A2BD-47EDA30A19FE}.Release|Any CPU.ActiveCfg = Release|Any CPU
		{84FF25C2-E050-4584-A2BD-47EDA30A19FE}.Release|Any CPU.Build.0 = Release|Any CPU
		{BFC1A721-3FD1-4EA2-8769-4AC650CCECE2}.Debug|Any CPU.ActiveCfg = Debug|Any CPU
		{BFC1A721-3FD1-4EA2-8769-4AC650CCECE2}.Debug|Any CPU.Build.0 = Debug|Any CPU
		{BFC1A721-3FD1-4EA2-8769-4AC650CCECE2}.Release|Any CPU.ActiveCfg = Release|Any CPU
		{BFC1A721-3FD1-4EA2-8769-4AC650CCECE2}.Release|Any CPU.Build.0 = Release|Any CPU
		{5577A645-F5F6-463C-8C77-56D8498561DF}.Debug|Any CPU.ActiveCfg = Debug|Any CPU
		{5577A645-F5F6-463C-8C77-56D8498561DF}.Debug|Any CPU.Build.0 = Debug|Any CPU
		{5577A645-F5F6-463C-8C77-56D8498561DF}.Release|Any CPU.ActiveCfg = Release|Any CPU
		{5577A645-F5F6-463C-8C77-56D8498561DF}.Release|Any CPU.Build.0 = Release|Any CPU
		{8CFAAB0E-44E6-43AA-9962-7A3E63711388}.Debug|Any CPU.ActiveCfg = Debug|Any CPU
		{8CFAAB0E-44E6-43AA-9962-7A3E63711388}.Debug|Any CPU.Build.0 = Debug|Any CPU
		{8CFAAB0E-44E6-43AA-9962-7A3E63711388}.Release|Any CPU.ActiveCfg = Release|Any CPU
		{8CFAAB0E-44E6-43AA-9962-7A3E63711388}.Release|Any CPU.Build.0 = Release|Any CPU
		{6F1ACEF3-CD40-4BEE-A5D4-F39A2E2A28C6}.Debug|Any CPU.ActiveCfg = Debug|Any CPU
		{6F1ACEF3-CD40-4BEE-A5D4-F39A2E2A28C6}.Debug|Any CPU.Build.0 = Debug|Any CPU
		{6F1ACEF3-CD40-4BEE-A5D4-F39A2E2A28C6}.Release|Any CPU.ActiveCfg = Release|Any CPU
		{6F1ACEF3-CD40-4BEE-A5D4-F39A2E2A28C6}.Release|Any CPU.Build.0 = Release|Any CPU
		{17012FE5-CD78-4C64-8AC8-4EC7165452B3}.Debug|Any CPU.ActiveCfg = Debug|Any CPU
		{17012FE5-CD78-4C64-8AC8-4EC7165452B3}.Debug|Any CPU.Build.0 = Debug|Any CPU
		{17012FE5-CD78-4C64-8AC8-4EC7165452B3}.Release|Any CPU.ActiveCfg = Release|Any CPU
		{17012FE5-CD78-4C64-8AC8-4EC7165452B3}.Release|Any CPU.Build.0 = Release|Any CPU
		{632EA74D-F821-4560-8624-25C7E6B86F46}.Debug|Any CPU.ActiveCfg = Debug|Any CPU
		{632EA74D-F821-4560-8624-25C7E6B86F46}.Debug|Any CPU.Build.0 = Debug|Any CPU
		{632EA74D-F821-4560-8624-25C7E6B86F46}.Release|Any CPU.ActiveCfg = Release|Any CPU
		{632EA74D-F821-4560-8624-25C7E6B86F46}.Release|Any CPU.Build.0 = Release|Any CPU
		{3F2E5FA1-24D7-420F-901B-72AB906CF02B}.Debug|Any CPU.ActiveCfg = Debug|Any CPU
		{3F2E5FA1-24D7-420F-901B-72AB906CF02B}.Debug|Any CPU.Build.0 = Debug|Any CPU
		{3F2E5FA1-24D7-420F-901B-72AB906CF02B}.Release|Any CPU.ActiveCfg = Release|Any CPU
		{3F2E5FA1-24D7-420F-901B-72AB906CF02B}.Release|Any CPU.Build.0 = Release|Any CPU
		{ACC18BF7-543E-4891-AD0A-D146288EAF4B}.Debug|Any CPU.ActiveCfg = Debug|Any CPU
		{ACC18BF7-543E-4891-AD0A-D146288EAF4B}.Debug|Any CPU.Build.0 = Debug|Any CPU
		{ACC18BF7-543E-4891-AD0A-D146288EAF4B}.Release|Any CPU.ActiveCfg = Release|Any CPU
		{ACC18BF7-543E-4891-AD0A-D146288EAF4B}.Release|Any CPU.Build.0 = Release|Any CPU
		{9827DF28-1C64-4C71-ACD6-8E454C28EDE5}.Debug|Any CPU.ActiveCfg = Debug|Any CPU
		{9827DF28-1C64-4C71-ACD6-8E454C28EDE5}.Debug|Any CPU.Build.0 = Debug|Any CPU
		{9827DF28-1C64-4C71-ACD6-8E454C28EDE5}.Release|Any CPU.ActiveCfg = Release|Any CPU
		{9827DF28-1C64-4C71-ACD6-8E454C28EDE5}.Release|Any CPU.Build.0 = Release|Any CPU
		{B1B197BA-803D-4CEE-9DC5-325C741809DA}.Debug|Any CPU.ActiveCfg = Debug|Any CPU
		{B1B197BA-803D-4CEE-9DC5-325C741809DA}.Debug|Any CPU.Build.0 = Debug|Any CPU
		{B1B197BA-803D-4CEE-9DC5-325C741809DA}.Release|Any CPU.ActiveCfg = Release|Any CPU
		{B1B197BA-803D-4CEE-9DC5-325C741809DA}.Release|Any CPU.Build.0 = Release|Any CPU
		{A2B95775-5D96-4B01-AB47-26C294340C8F}.Debug|Any CPU.ActiveCfg = Debug|Any CPU
		{A2B95775-5D96-4B01-AB47-26C294340C8F}.Debug|Any CPU.Build.0 = Debug|Any CPU
		{A2B95775-5D96-4B01-AB47-26C294340C8F}.Release|Any CPU.ActiveCfg = Release|Any CPU
		{A2B95775-5D96-4B01-AB47-26C294340C8F}.Release|Any CPU.Build.0 = Release|Any CPU
		{CD08F4E4-EB2D-4554-9657-0DC950F2FE7C}.Debug|Any CPU.ActiveCfg = Debug|Any CPU
		{CD08F4E4-EB2D-4554-9657-0DC950F2FE7C}.Debug|Any CPU.Build.0 = Debug|Any CPU
		{CD08F4E4-EB2D-4554-9657-0DC950F2FE7C}.Release|Any CPU.ActiveCfg = Release|Any CPU
		{CD08F4E4-EB2D-4554-9657-0DC950F2FE7C}.Release|Any CPU.Build.0 = Release|Any CPU
		{78915996-2C2A-4845-8CAC-28C243040215}.Debug|Any CPU.ActiveCfg = Debug|Any CPU
		{78915996-2C2A-4845-8CAC-28C243040215}.Debug|Any CPU.Build.0 = Debug|Any CPU
		{78915996-2C2A-4845-8CAC-28C243040215}.Release|Any CPU.ActiveCfg = Release|Any CPU
		{78915996-2C2A-4845-8CAC-28C243040215}.Release|Any CPU.Build.0 = Release|Any CPU
		{E75C5C6A-2AB9-4BFB-8D99-54482C81B313}.Debug|Any CPU.ActiveCfg = Debug|Any CPU
		{E75C5C6A-2AB9-4BFB-8D99-54482C81B313}.Debug|Any CPU.Build.0 = Debug|Any CPU
		{E75C5C6A-2AB9-4BFB-8D99-54482C81B313}.Release|Any CPU.ActiveCfg = Release|Any CPU
		{E75C5C6A-2AB9-4BFB-8D99-54482C81B313}.Release|Any CPU.Build.0 = Release|Any CPU
		{D09090B8-5112-4C6A-B6DB-2C14763F3E92}.Debug|Any CPU.ActiveCfg = Debug|Any CPU
		{D09090B8-5112-4C6A-B6DB-2C14763F3E92}.Debug|Any CPU.Build.0 = Debug|Any CPU
		{D09090B8-5112-4C6A-B6DB-2C14763F3E92}.Release|Any CPU.ActiveCfg = Release|Any CPU
		{D09090B8-5112-4C6A-B6DB-2C14763F3E92}.Release|Any CPU.Build.0 = Release|Any CPU
		{E4F0C05E-A421-4E85-80E0-08F2CACB1F72}.Debug|Any CPU.ActiveCfg = Debug|Any CPU
		{E4F0C05E-A421-4E85-80E0-08F2CACB1F72}.Debug|Any CPU.Build.0 = Debug|Any CPU
		{E4F0C05E-A421-4E85-80E0-08F2CACB1F72}.Release|Any CPU.ActiveCfg = Release|Any CPU
		{E4F0C05E-A421-4E85-80E0-08F2CACB1F72}.Release|Any CPU.Build.0 = Release|Any CPU
		{B5E3E42D-F099-4A97-9A77-7049D447CE86}.Debug|Any CPU.ActiveCfg = Debug|Any CPU
		{B5E3E42D-F099-4A97-9A77-7049D447CE86}.Debug|Any CPU.Build.0 = Debug|Any CPU
		{B5E3E42D-F099-4A97-9A77-7049D447CE86}.Release|Any CPU.ActiveCfg = Release|Any CPU
		{B5E3E42D-F099-4A97-9A77-7049D447CE86}.Release|Any CPU.Build.0 = Release|Any CPU
		{B53C94B4-AF22-4D3E-8F52-E0BFA64F753F}.Debug|Any CPU.ActiveCfg = Debug|Any CPU
		{B53C94B4-AF22-4D3E-8F52-E0BFA64F753F}.Debug|Any CPU.Build.0 = Debug|Any CPU
		{B53C94B4-AF22-4D3E-8F52-E0BFA64F753F}.Release|Any CPU.ActiveCfg = Release|Any CPU
		{B53C94B4-AF22-4D3E-8F52-E0BFA64F753F}.Release|Any CPU.Build.0 = Release|Any CPU
		{C57EA87E-7840-4472-9761-D4D7AD3BB1E0}.Debug|Any CPU.ActiveCfg = Debug|Any CPU
		{C57EA87E-7840-4472-9761-D4D7AD3BB1E0}.Debug|Any CPU.Build.0 = Debug|Any CPU
		{C57EA87E-7840-4472-9761-D4D7AD3BB1E0}.Release|Any CPU.ActiveCfg = Release|Any CPU
		{C57EA87E-7840-4472-9761-D4D7AD3BB1E0}.Release|Any CPU.Build.0 = Release|Any CPU
		{C007A449-0693-45B5-B89D-E1B71E0DC151}.Debug|Any CPU.ActiveCfg = Debug|Any CPU
		{C007A449-0693-45B5-B89D-E1B71E0DC151}.Debug|Any CPU.Build.0 = Debug|Any CPU
		{C007A449-0693-45B5-B89D-E1B71E0DC151}.Release|Any CPU.ActiveCfg = Release|Any CPU
		{C007A449-0693-45B5-B89D-E1B71E0DC151}.Release|Any CPU.Build.0 = Release|Any CPU
		{22AFBCBC-0BB3-42AD-9747-458A1E672505}.Debug|Any CPU.ActiveCfg = Debug|Any CPU
		{22AFBCBC-0BB3-42AD-9747-458A1E672505}.Debug|Any CPU.Build.0 = Debug|Any CPU
		{22AFBCBC-0BB3-42AD-9747-458A1E672505}.Release|Any CPU.ActiveCfg = Release|Any CPU
		{22AFBCBC-0BB3-42AD-9747-458A1E672505}.Release|Any CPU.Build.0 = Release|Any CPU
		{40F53A48-56DA-414B-A28C-935B45A33A3E}.Debug|Any CPU.ActiveCfg = Debug|Any CPU
		{40F53A48-56DA-414B-A28C-935B45A33A3E}.Debug|Any CPU.Build.0 = Debug|Any CPU
		{40F53A48-56DA-414B-A28C-935B45A33A3E}.Release|Any CPU.ActiveCfg = Release|Any CPU
		{40F53A48-56DA-414B-A28C-935B45A33A3E}.Release|Any CPU.Build.0 = Release|Any CPU
		{7D5D556C-0F92-466E-A71C-DB2F8D67F552}.Debug|Any CPU.ActiveCfg = Debug|Any CPU
		{7D5D556C-0F92-466E-A71C-DB2F8D67F552}.Debug|Any CPU.Build.0 = Debug|Any CPU
		{7D5D556C-0F92-466E-A71C-DB2F8D67F552}.Release|Any CPU.ActiveCfg = Release|Any CPU
		{7D5D556C-0F92-466E-A71C-DB2F8D67F552}.Release|Any CPU.Build.0 = Release|Any CPU
		{5BDB411B-1FE0-40D3-95B2-2BB5D8B71F32}.Debug|Any CPU.ActiveCfg = Debug|Any CPU
		{5BDB411B-1FE0-40D3-95B2-2BB5D8B71F32}.Debug|Any CPU.Build.0 = Debug|Any CPU
		{5BDB411B-1FE0-40D3-95B2-2BB5D8B71F32}.Release|Any CPU.ActiveCfg = Release|Any CPU
		{5BDB411B-1FE0-40D3-95B2-2BB5D8B71F32}.Release|Any CPU.Build.0 = Release|Any CPU
		{2158F8BA-D56A-45C4-ACA2-B2464ACD79E7}.Debug|Any CPU.ActiveCfg = Debug|Any CPU
		{2158F8BA-D56A-45C4-ACA2-B2464ACD79E7}.Debug|Any CPU.Build.0 = Debug|Any CPU
		{2158F8BA-D56A-45C4-ACA2-B2464ACD79E7}.Release|Any CPU.ActiveCfg = Release|Any CPU
		{2158F8BA-D56A-45C4-ACA2-B2464ACD79E7}.Release|Any CPU.Build.0 = Release|Any CPU
		{B6BD01D8-CE12-48F6-91A6-BE27D34A3D92}.Debug|Any CPU.ActiveCfg = Debug|Any CPU
		{B6BD01D8-CE12-48F6-91A6-BE27D34A3D92}.Debug|Any CPU.Build.0 = Debug|Any CPU
		{B6BD01D8-CE12-48F6-91A6-BE27D34A3D92}.Release|Any CPU.ActiveCfg = Release|Any CPU
		{B6BD01D8-CE12-48F6-91A6-BE27D34A3D92}.Release|Any CPU.Build.0 = Release|Any CPU
		{9679F020-89D3-4E83-B93B-16AB84F86EEF}.Debug|Any CPU.ActiveCfg = Debug|Any CPU
		{9679F020-89D3-4E83-B93B-16AB84F86EEF}.Debug|Any CPU.Build.0 = Debug|Any CPU
		{9679F020-89D3-4E83-B93B-16AB84F86EEF}.Release|Any CPU.ActiveCfg = Release|Any CPU
		{9679F020-89D3-4E83-B93B-16AB84F86EEF}.Release|Any CPU.Build.0 = Release|Any CPU
		{89864A2A-65FE-4AB9-95ED-A072BA6ACAAF}.Debug|Any CPU.ActiveCfg = Debug|Any CPU
		{89864A2A-65FE-4AB9-95ED-A072BA6ACAAF}.Debug|Any CPU.Build.0 = Debug|Any CPU
		{89864A2A-65FE-4AB9-95ED-A072BA6ACAAF}.Release|Any CPU.ActiveCfg = Release|Any CPU
		{89864A2A-65FE-4AB9-95ED-A072BA6ACAAF}.Release|Any CPU.Build.0 = Release|Any CPU
		{37E5ECE2-748B-46EE-88D9-B7206317555C}.Debug|Any CPU.ActiveCfg = Debug|Any CPU
		{37E5ECE2-748B-46EE-88D9-B7206317555C}.Debug|Any CPU.Build.0 = Debug|Any CPU
		{37E5ECE2-748B-46EE-88D9-B7206317555C}.Release|Any CPU.ActiveCfg = Release|Any CPU
		{37E5ECE2-748B-46EE-88D9-B7206317555C}.Release|Any CPU.Build.0 = Release|Any CPU
		{89B04E7E-6BC3-46CE-9BBB-EF0D0066AC1F}.Debug|Any CPU.ActiveCfg = Debug|Any CPU
		{89B04E7E-6BC3-46CE-9BBB-EF0D0066AC1F}.Debug|Any CPU.Build.0 = Debug|Any CPU
		{89B04E7E-6BC3-46CE-9BBB-EF0D0066AC1F}.Release|Any CPU.ActiveCfg = Release|Any CPU
		{89B04E7E-6BC3-46CE-9BBB-EF0D0066AC1F}.Release|Any CPU.Build.0 = Release|Any CPU
		{A9469ADF-8F9E-4243-9ADE-3C9C4005FFF4}.Debug|Any CPU.ActiveCfg = Debug|Any CPU
		{A9469ADF-8F9E-4243-9ADE-3C9C4005FFF4}.Debug|Any CPU.Build.0 = Debug|Any CPU
		{A9469ADF-8F9E-4243-9ADE-3C9C4005FFF4}.Release|Any CPU.ActiveCfg = Release|Any CPU
		{A9469ADF-8F9E-4243-9ADE-3C9C4005FFF4}.Release|Any CPU.Build.0 = Release|Any CPU
		{21C97E14-5856-45E3-AB96-E9EF98D85D78}.Debug|Any CPU.ActiveCfg = Debug|Any CPU
		{21C97E14-5856-45E3-AB96-E9EF98D85D78}.Debug|Any CPU.Build.0 = Debug|Any CPU
		{21C97E14-5856-45E3-AB96-E9EF98D85D78}.Release|Any CPU.ActiveCfg = Release|Any CPU
		{21C97E14-5856-45E3-AB96-E9EF98D85D78}.Release|Any CPU.Build.0 = Release|Any CPU
		{8C61D9C5-676C-411E-8544-E782B06266ED}.Debug|Any CPU.ActiveCfg = Debug|Any CPU
		{8C61D9C5-676C-411E-8544-E782B06266ED}.Debug|Any CPU.Build.0 = Debug|Any CPU
		{8C61D9C5-676C-411E-8544-E782B06266ED}.Release|Any CPU.ActiveCfg = Release|Any CPU
		{8C61D9C5-676C-411E-8544-E782B06266ED}.Release|Any CPU.Build.0 = Release|Any CPU
		{D900A604-3DC7-4CA9-9A7C-54C15261F72C}.Debug|Any CPU.ActiveCfg = Debug|Any CPU
		{D900A604-3DC7-4CA9-9A7C-54C15261F72C}.Debug|Any CPU.Build.0 = Debug|Any CPU
		{D900A604-3DC7-4CA9-9A7C-54C15261F72C}.Release|Any CPU.ActiveCfg = Release|Any CPU
		{D900A604-3DC7-4CA9-9A7C-54C15261F72C}.Release|Any CPU.Build.0 = Release|Any CPU
		{F09E0BE2-8F43-4A8D-BA59-552E872C366E}.Debug|Any CPU.ActiveCfg = Debug|Any CPU
		{F09E0BE2-8F43-4A8D-BA59-552E872C366E}.Debug|Any CPU.Build.0 = Debug|Any CPU
		{F09E0BE2-8F43-4A8D-BA59-552E872C366E}.Release|Any CPU.ActiveCfg = Release|Any CPU
		{F09E0BE2-8F43-4A8D-BA59-552E872C366E}.Release|Any CPU.Build.0 = Release|Any CPU
		{EE5E86C2-FB6D-41AD-A401-31D5E2127C07}.Debug|Any CPU.ActiveCfg = Debug|Any CPU
		{EE5E86C2-FB6D-41AD-A401-31D5E2127C07}.Debug|Any CPU.Build.0 = Debug|Any CPU
		{EE5E86C2-FB6D-41AD-A401-31D5E2127C07}.Release|Any CPU.ActiveCfg = Release|Any CPU
		{EE5E86C2-FB6D-41AD-A401-31D5E2127C07}.Release|Any CPU.Build.0 = Release|Any CPU
		{4E5FC47F-622C-4F99-A0E2-013F942680DE}.Debug|Any CPU.ActiveCfg = Debug|Any CPU
		{4E5FC47F-622C-4F99-A0E2-013F942680DE}.Debug|Any CPU.Build.0 = Debug|Any CPU
		{4E5FC47F-622C-4F99-A0E2-013F942680DE}.Release|Any CPU.ActiveCfg = Release|Any CPU
		{4E5FC47F-622C-4F99-A0E2-013F942680DE}.Release|Any CPU.Build.0 = Release|Any CPU
		{CAC85BB5-11A1-478D-8219-D1BFBEB3F31B}.Debug|Any CPU.ActiveCfg = Debug|Any CPU
		{CAC85BB5-11A1-478D-8219-D1BFBEB3F31B}.Debug|Any CPU.Build.0 = Debug|Any CPU
		{CAC85BB5-11A1-478D-8219-D1BFBEB3F31B}.Release|Any CPU.ActiveCfg = Release|Any CPU
		{CAC85BB5-11A1-478D-8219-D1BFBEB3F31B}.Release|Any CPU.Build.0 = Release|Any CPU
		{D6D6256D-402A-442A-8350-BE73F6CD1EC8}.Debug|Any CPU.ActiveCfg = Debug|Any CPU
		{D6D6256D-402A-442A-8350-BE73F6CD1EC8}.Debug|Any CPU.Build.0 = Debug|Any CPU
		{D6D6256D-402A-442A-8350-BE73F6CD1EC8}.Release|Any CPU.ActiveCfg = Release|Any CPU
		{D6D6256D-402A-442A-8350-BE73F6CD1EC8}.Release|Any CPU.Build.0 = Release|Any CPU
		{E5B78791-104C-43FA-9BC1-E6F5B1C6D030}.Debug|Any CPU.ActiveCfg = Debug|Any CPU
		{E5B78791-104C-43FA-9BC1-E6F5B1C6D030}.Debug|Any CPU.Build.0 = Debug|Any CPU
		{E5B78791-104C-43FA-9BC1-E6F5B1C6D030}.Release|Any CPU.ActiveCfg = Release|Any CPU
		{E5B78791-104C-43FA-9BC1-E6F5B1C6D030}.Release|Any CPU.Build.0 = Release|Any CPU
		{9CD52776-0AAC-4CF3-8DEB-5927C71AC172}.Debug|Any CPU.ActiveCfg = Debug|Any CPU
		{9CD52776-0AAC-4CF3-8DEB-5927C71AC172}.Debug|Any CPU.Build.0 = Debug|Any CPU
		{9CD52776-0AAC-4CF3-8DEB-5927C71AC172}.Release|Any CPU.ActiveCfg = Release|Any CPU
		{9CD52776-0AAC-4CF3-8DEB-5927C71AC172}.Release|Any CPU.Build.0 = Release|Any CPU
		{DED796D3-1CDA-4673-A9FB-930B98CC3971}.Debug|Any CPU.ActiveCfg = Debug|Any CPU
		{DED796D3-1CDA-4673-A9FB-930B98CC3971}.Debug|Any CPU.Build.0 = Debug|Any CPU
		{DED796D3-1CDA-4673-A9FB-930B98CC3971}.Release|Any CPU.ActiveCfg = Release|Any CPU
		{DED796D3-1CDA-4673-A9FB-930B98CC3971}.Release|Any CPU.Build.0 = Release|Any CPU
		{9FA0B3D9-C872-4577-8623-C151E012D91C}.Debug|Any CPU.ActiveCfg = Debug|Any CPU
		{9FA0B3D9-C872-4577-8623-C151E012D91C}.Debug|Any CPU.Build.0 = Debug|Any CPU
		{9FA0B3D9-C872-4577-8623-C151E012D91C}.Release|Any CPU.ActiveCfg = Release|Any CPU
		{9FA0B3D9-C872-4577-8623-C151E012D91C}.Release|Any CPU.Build.0 = Release|Any CPU
		{EC50DEA8-3EA3-44A2-B1A3-19A89A285D0D}.Debug|Any CPU.ActiveCfg = Debug|Any CPU
		{EC50DEA8-3EA3-44A2-B1A3-19A89A285D0D}.Debug|Any CPU.Build.0 = Debug|Any CPU
		{EC50DEA8-3EA3-44A2-B1A3-19A89A285D0D}.Release|Any CPU.ActiveCfg = Release|Any CPU
		{EC50DEA8-3EA3-44A2-B1A3-19A89A285D0D}.Release|Any CPU.Build.0 = Release|Any CPU
		{A363C62B-6B11-4BB0-86DD-C8D53A33B4CD}.Debug|Any CPU.ActiveCfg = Debug|Any CPU
		{A363C62B-6B11-4BB0-86DD-C8D53A33B4CD}.Debug|Any CPU.Build.0 = Debug|Any CPU
		{A363C62B-6B11-4BB0-86DD-C8D53A33B4CD}.Release|Any CPU.ActiveCfg = Release|Any CPU
		{A363C62B-6B11-4BB0-86DD-C8D53A33B4CD}.Release|Any CPU.Build.0 = Release|Any CPU
		{D34EBE54-C839-4932-A029-708CDEA7B811}.Debug|Any CPU.ActiveCfg = Debug|Any CPU
		{D34EBE54-C839-4932-A029-708CDEA7B811}.Debug|Any CPU.Build.0 = Debug|Any CPU
		{D34EBE54-C839-4932-A029-708CDEA7B811}.Release|Any CPU.ActiveCfg = Release|Any CPU
		{D34EBE54-C839-4932-A029-708CDEA7B811}.Release|Any CPU.Build.0 = Release|Any CPU
		{9622029B-ECA0-4AFB-952A-BF96F811F6F0}.Debug|Any CPU.ActiveCfg = Debug|Any CPU
		{9622029B-ECA0-4AFB-952A-BF96F811F6F0}.Debug|Any CPU.Build.0 = Debug|Any CPU
		{9622029B-ECA0-4AFB-952A-BF96F811F6F0}.Release|Any CPU.ActiveCfg = Release|Any CPU
		{9622029B-ECA0-4AFB-952A-BF96F811F6F0}.Release|Any CPU.Build.0 = Release|Any CPU
		{D378718E-5DA8-4F90-BC51-2ECA8526C9DF}.Debug|Any CPU.ActiveCfg = Debug|Any CPU
		{D378718E-5DA8-4F90-BC51-2ECA8526C9DF}.Debug|Any CPU.Build.0 = Debug|Any CPU
		{D378718E-5DA8-4F90-BC51-2ECA8526C9DF}.Release|Any CPU.ActiveCfg = Release|Any CPU
		{D378718E-5DA8-4F90-BC51-2ECA8526C9DF}.Release|Any CPU.Build.0 = Release|Any CPU
		{5F24A7B9-F967-40BF-B5A9-7FDF655E90B4}.Debug|Any CPU.ActiveCfg = Debug|Any CPU
		{5F24A7B9-F967-40BF-B5A9-7FDF655E90B4}.Debug|Any CPU.Build.0 = Debug|Any CPU
		{5F24A7B9-F967-40BF-B5A9-7FDF655E90B4}.Release|Any CPU.ActiveCfg = Release|Any CPU
		{5F24A7B9-F967-40BF-B5A9-7FDF655E90B4}.Release|Any CPU.Build.0 = Release|Any CPU
		{1D73717A-A752-486E-AC37-11BC94266EE3}.Debug|Any CPU.ActiveCfg = Debug|Any CPU
		{1D73717A-A752-486E-AC37-11BC94266EE3}.Debug|Any CPU.Build.0 = Debug|Any CPU
		{1D73717A-A752-486E-AC37-11BC94266EE3}.Release|Any CPU.ActiveCfg = Release|Any CPU
		{1D73717A-A752-486E-AC37-11BC94266EE3}.Release|Any CPU.Build.0 = Release|Any CPU
		{986D2D30-A511-4F5D-A2DC-DC8E10D5769A}.Debug|Any CPU.ActiveCfg = Debug|Any CPU
		{986D2D30-A511-4F5D-A2DC-DC8E10D5769A}.Debug|Any CPU.Build.0 = Debug|Any CPU
		{986D2D30-A511-4F5D-A2DC-DC8E10D5769A}.Release|Any CPU.ActiveCfg = Release|Any CPU
		{986D2D30-A511-4F5D-A2DC-DC8E10D5769A}.Release|Any CPU.Build.0 = Release|Any CPU
		{5ABA10DA-B666-4810-B254-F1D44B4AA763}.Debug|Any CPU.ActiveCfg = Debug|Any CPU
		{5ABA10DA-B666-4810-B254-F1D44B4AA763}.Debug|Any CPU.Build.0 = Debug|Any CPU
		{5ABA10DA-B666-4810-B254-F1D44B4AA763}.Release|Any CPU.ActiveCfg = Release|Any CPU
		{5ABA10DA-B666-4810-B254-F1D44B4AA763}.Release|Any CPU.Build.0 = Release|Any CPU
		{161893F9-421E-482A-A647-14B4281B7761}.Debug|Any CPU.ActiveCfg = Debug|Any CPU
		{161893F9-421E-482A-A647-14B4281B7761}.Debug|Any CPU.Build.0 = Debug|Any CPU
		{161893F9-421E-482A-A647-14B4281B7761}.Release|Any CPU.ActiveCfg = Release|Any CPU
		{161893F9-421E-482A-A647-14B4281B7761}.Release|Any CPU.Build.0 = Release|Any CPU
		{1829543F-FBCB-4D81-BB15-B867BAD7FC91}.Debug|Any CPU.ActiveCfg = Debug|Any CPU
		{1829543F-FBCB-4D81-BB15-B867BAD7FC91}.Debug|Any CPU.Build.0 = Debug|Any CPU
		{1829543F-FBCB-4D81-BB15-B867BAD7FC91}.Release|Any CPU.ActiveCfg = Release|Any CPU
		{1829543F-FBCB-4D81-BB15-B867BAD7FC91}.Release|Any CPU.Build.0 = Release|Any CPU
		{0352A8D8-D749-4E2A-8FEA-6F263EFB065B}.Debug|Any CPU.ActiveCfg = Debug|Any CPU
		{0352A8D8-D749-4E2A-8FEA-6F263EFB065B}.Debug|Any CPU.Build.0 = Debug|Any CPU
		{0352A8D8-D749-4E2A-8FEA-6F263EFB065B}.Release|Any CPU.ActiveCfg = Release|Any CPU
		{0352A8D8-D749-4E2A-8FEA-6F263EFB065B}.Release|Any CPU.Build.0 = Release|Any CPU
		{C456EF35-E0DA-41A9-9F99-C4A7A761C27F}.Debug|Any CPU.ActiveCfg = Debug|Any CPU
		{C456EF35-E0DA-41A9-9F99-C4A7A761C27F}.Debug|Any CPU.Build.0 = Debug|Any CPU
		{C456EF35-E0DA-41A9-9F99-C4A7A761C27F}.Release|Any CPU.ActiveCfg = Release|Any CPU
		{C456EF35-E0DA-41A9-9F99-C4A7A761C27F}.Release|Any CPU.Build.0 = Release|Any CPU
		{CEF7FF19-1629-4F9A-ABD0-836C680F0EB8}.Debug|Any CPU.ActiveCfg = Debug|Any CPU
		{CEF7FF19-1629-4F9A-ABD0-836C680F0EB8}.Debug|Any CPU.Build.0 = Debug|Any CPU
		{CEF7FF19-1629-4F9A-ABD0-836C680F0EB8}.Release|Any CPU.ActiveCfg = Release|Any CPU
		{CEF7FF19-1629-4F9A-ABD0-836C680F0EB8}.Release|Any CPU.Build.0 = Release|Any CPU
		{FEE2F2C8-B904-4725-8580-D03E2DBA9A6E}.Debug|Any CPU.ActiveCfg = Debug|Any CPU
		{FEE2F2C8-B904-4725-8580-D03E2DBA9A6E}.Debug|Any CPU.Build.0 = Debug|Any CPU
		{FEE2F2C8-B904-4725-8580-D03E2DBA9A6E}.Release|Any CPU.ActiveCfg = Release|Any CPU
		{FEE2F2C8-B904-4725-8580-D03E2DBA9A6E}.Release|Any CPU.Build.0 = Release|Any CPU
		{319530EA-172E-41AD-80FA-02D5F9CB9363}.Debug|Any CPU.ActiveCfg = Debug|Any CPU
		{319530EA-172E-41AD-80FA-02D5F9CB9363}.Debug|Any CPU.Build.0 = Debug|Any CPU
		{319530EA-172E-41AD-80FA-02D5F9CB9363}.Release|Any CPU.ActiveCfg = Release|Any CPU
		{319530EA-172E-41AD-80FA-02D5F9CB9363}.Release|Any CPU.Build.0 = Release|Any CPU
		{6F4CADB6-F2E1-4989-A163-AB26CD54C9E9}.Debug|Any CPU.ActiveCfg = Debug|Any CPU
		{6F4CADB6-F2E1-4989-A163-AB26CD54C9E9}.Debug|Any CPU.Build.0 = Debug|Any CPU
		{6F4CADB6-F2E1-4989-A163-AB26CD54C9E9}.Release|Any CPU.ActiveCfg = Release|Any CPU
		{6F4CADB6-F2E1-4989-A163-AB26CD54C9E9}.Release|Any CPU.Build.0 = Release|Any CPU
		{E932F692-D6D4-4BD4-BB1A-27EE9C70F151}.Debug|Any CPU.ActiveCfg = Debug|Any CPU
		{E932F692-D6D4-4BD4-BB1A-27EE9C70F151}.Debug|Any CPU.Build.0 = Debug|Any CPU
		{E932F692-D6D4-4BD4-BB1A-27EE9C70F151}.Release|Any CPU.ActiveCfg = Release|Any CPU
		{E932F692-D6D4-4BD4-BB1A-27EE9C70F151}.Release|Any CPU.Build.0 = Release|Any CPU
		{F315B023-550D-489F-91B6-EB3ECE6B3BE1}.Debug|Any CPU.ActiveCfg = Debug|Any CPU
		{F315B023-550D-489F-91B6-EB3ECE6B3BE1}.Debug|Any CPU.Build.0 = Debug|Any CPU
		{F315B023-550D-489F-91B6-EB3ECE6B3BE1}.Release|Any CPU.ActiveCfg = Release|Any CPU
		{F315B023-550D-489F-91B6-EB3ECE6B3BE1}.Release|Any CPU.Build.0 = Release|Any CPU
		{2F37F6A1-F15D-4372-960E-1862EAA4E92E}.Debug|Any CPU.ActiveCfg = Debug|Any CPU
		{2F37F6A1-F15D-4372-960E-1862EAA4E92E}.Debug|Any CPU.Build.0 = Debug|Any CPU
		{2F37F6A1-F15D-4372-960E-1862EAA4E92E}.Release|Any CPU.ActiveCfg = Release|Any CPU
		{2F37F6A1-F15D-4372-960E-1862EAA4E92E}.Release|Any CPU.Build.0 = Release|Any CPU
		{6E2FE049-3ED3-4FFC-97DE-D7F01F8986B8}.Debug|Any CPU.ActiveCfg = Debug|Any CPU
		{6E2FE049-3ED3-4FFC-97DE-D7F01F8986B8}.Debug|Any CPU.Build.0 = Debug|Any CPU
		{6E2FE049-3ED3-4FFC-97DE-D7F01F8986B8}.Release|Any CPU.ActiveCfg = Release|Any CPU
		{6E2FE049-3ED3-4FFC-97DE-D7F01F8986B8}.Release|Any CPU.Build.0 = Release|Any CPU
		{101342F6-D960-455E-BDF5-9B344D610DC2}.Debug|Any CPU.ActiveCfg = Debug|Any CPU
		{101342F6-D960-455E-BDF5-9B344D610DC2}.Debug|Any CPU.Build.0 = Debug|Any CPU
		{101342F6-D960-455E-BDF5-9B344D610DC2}.Release|Any CPU.ActiveCfg = Release|Any CPU
		{101342F6-D960-455E-BDF5-9B344D610DC2}.Release|Any CPU.Build.0 = Release|Any CPU
		{37F7E17B-A3B5-4347-B4A8-B65298D9AEE9}.Debug|Any CPU.ActiveCfg = Debug|Any CPU
		{37F7E17B-A3B5-4347-B4A8-B65298D9AEE9}.Debug|Any CPU.Build.0 = Debug|Any CPU
		{37F7E17B-A3B5-4347-B4A8-B65298D9AEE9}.Release|Any CPU.ActiveCfg = Release|Any CPU
		{37F7E17B-A3B5-4347-B4A8-B65298D9AEE9}.Release|Any CPU.Build.0 = Release|Any CPU
		{B89CFB16-038D-42BE-AB55-13361781EB0F}.Debug|Any CPU.ActiveCfg = Debug|Any CPU
		{B89CFB16-038D-42BE-AB55-13361781EB0F}.Debug|Any CPU.Build.0 = Debug|Any CPU
		{B89CFB16-038D-42BE-AB55-13361781EB0F}.Release|Any CPU.ActiveCfg = Release|Any CPU
		{B89CFB16-038D-42BE-AB55-13361781EB0F}.Release|Any CPU.Build.0 = Release|Any CPU
		{4F1422B1-7BB5-4E57-B1BA-ED68130BAC39}.Debug|Any CPU.ActiveCfg = Debug|Any CPU
		{4F1422B1-7BB5-4E57-B1BA-ED68130BAC39}.Debug|Any CPU.Build.0 = Debug|Any CPU
		{4F1422B1-7BB5-4E57-B1BA-ED68130BAC39}.Release|Any CPU.ActiveCfg = Release|Any CPU
		{4F1422B1-7BB5-4E57-B1BA-ED68130BAC39}.Release|Any CPU.Build.0 = Release|Any CPU
		{686ED04E-E0E0-463D-A732-6B2BE08CC0F6}.Debug|Any CPU.ActiveCfg = Debug|Any CPU
		{686ED04E-E0E0-463D-A732-6B2BE08CC0F6}.Debug|Any CPU.Build.0 = Debug|Any CPU
		{686ED04E-E0E0-463D-A732-6B2BE08CC0F6}.Release|Any CPU.ActiveCfg = Release|Any CPU
		{686ED04E-E0E0-463D-A732-6B2BE08CC0F6}.Release|Any CPU.Build.0 = Release|Any CPU
		{36B47DB1-320D-4680-BF5E-D634A78F2AC9}.Debug|Any CPU.ActiveCfg = Debug|Any CPU
		{36B47DB1-320D-4680-BF5E-D634A78F2AC9}.Debug|Any CPU.Build.0 = Debug|Any CPU
		{36B47DB1-320D-4680-BF5E-D634A78F2AC9}.Release|Any CPU.ActiveCfg = Release|Any CPU
		{36B47DB1-320D-4680-BF5E-D634A78F2AC9}.Release|Any CPU.Build.0 = Release|Any CPU
		{775587CC-FC8E-4174-9B8B-A4DF85BF95E2}.Debug|Any CPU.ActiveCfg = Debug|Any CPU
		{775587CC-FC8E-4174-9B8B-A4DF85BF95E2}.Debug|Any CPU.Build.0 = Debug|Any CPU
		{775587CC-FC8E-4174-9B8B-A4DF85BF95E2}.Release|Any CPU.ActiveCfg = Release|Any CPU
		{775587CC-FC8E-4174-9B8B-A4DF85BF95E2}.Release|Any CPU.Build.0 = Release|Any CPU
		{DEA2B109-9CD0-4DB7-8C68-789E62A5A096}.Debug|Any CPU.ActiveCfg = Debug|Any CPU
		{DEA2B109-9CD0-4DB7-8C68-789E62A5A096}.Debug|Any CPU.Build.0 = Debug|Any CPU
		{DEA2B109-9CD0-4DB7-8C68-789E62A5A096}.Release|Any CPU.ActiveCfg = Release|Any CPU
		{DEA2B109-9CD0-4DB7-8C68-789E62A5A096}.Release|Any CPU.Build.0 = Release|Any CPU
		{E679DBF0-70E9-4EAB-8C58-6A81EB5BB2F5}.Debug|Any CPU.ActiveCfg = Debug|Any CPU
		{E679DBF0-70E9-4EAB-8C58-6A81EB5BB2F5}.Debug|Any CPU.Build.0 = Debug|Any CPU
		{E679DBF0-70E9-4EAB-8C58-6A81EB5BB2F5}.Release|Any CPU.ActiveCfg = Release|Any CPU
		{E679DBF0-70E9-4EAB-8C58-6A81EB5BB2F5}.Release|Any CPU.Build.0 = Release|Any CPU
		{7C3ABED7-FA0E-4B1D-ABC5-C5F9E32E180D}.Debug|Any CPU.ActiveCfg = Debug|Any CPU
		{7C3ABED7-FA0E-4B1D-ABC5-C5F9E32E180D}.Debug|Any CPU.Build.0 = Debug|Any CPU
		{7C3ABED7-FA0E-4B1D-ABC5-C5F9E32E180D}.Release|Any CPU.ActiveCfg = Release|Any CPU
		{7C3ABED7-FA0E-4B1D-ABC5-C5F9E32E180D}.Release|Any CPU.Build.0 = Release|Any CPU
		{AC4C8955-2AD3-4A54-A051-8F881982BF24}.Debug|Any CPU.ActiveCfg = Debug|Any CPU
		{AC4C8955-2AD3-4A54-A051-8F881982BF24}.Debug|Any CPU.Build.0 = Debug|Any CPU
		{AC4C8955-2AD3-4A54-A051-8F881982BF24}.Release|Any CPU.ActiveCfg = Release|Any CPU
		{AC4C8955-2AD3-4A54-A051-8F881982BF24}.Release|Any CPU.Build.0 = Release|Any CPU
		{5952F9F6-8AC3-43B7-9B98-C5F0994460B2}.Debug|Any CPU.ActiveCfg = Debug|Any CPU
		{5952F9F6-8AC3-43B7-9B98-C5F0994460B2}.Debug|Any CPU.Build.0 = Debug|Any CPU
		{5952F9F6-8AC3-43B7-9B98-C5F0994460B2}.Release|Any CPU.ActiveCfg = Release|Any CPU
		{5952F9F6-8AC3-43B7-9B98-C5F0994460B2}.Release|Any CPU.Build.0 = Release|Any CPU
		{F994F7CA-64AA-41DF-8474-39E59F1C0AD9}.Debug|Any CPU.ActiveCfg = Debug|Any CPU
		{F994F7CA-64AA-41DF-8474-39E59F1C0AD9}.Debug|Any CPU.Build.0 = Debug|Any CPU
		{F994F7CA-64AA-41DF-8474-39E59F1C0AD9}.Release|Any CPU.ActiveCfg = Release|Any CPU
		{F994F7CA-64AA-41DF-8474-39E59F1C0AD9}.Release|Any CPU.Build.0 = Release|Any CPU
		{42D8C584-F9E4-4083-948F-C4BB9963A31C}.Debug|Any CPU.ActiveCfg = Debug|Any CPU
		{42D8C584-F9E4-4083-948F-C4BB9963A31C}.Debug|Any CPU.Build.0 = Debug|Any CPU
		{42D8C584-F9E4-4083-948F-C4BB9963A31C}.Release|Any CPU.ActiveCfg = Release|Any CPU
		{42D8C584-F9E4-4083-948F-C4BB9963A31C}.Release|Any CPU.Build.0 = Release|Any CPU
		{E94D1D7A-1AA7-4DFE-86A4-E81E0F2D9817}.Debug|Any CPU.ActiveCfg = Debug|Any CPU
		{E94D1D7A-1AA7-4DFE-86A4-E81E0F2D9817}.Debug|Any CPU.Build.0 = Debug|Any CPU
		{E94D1D7A-1AA7-4DFE-86A4-E81E0F2D9817}.Release|Any CPU.ActiveCfg = Release|Any CPU
		{E94D1D7A-1AA7-4DFE-86A4-E81E0F2D9817}.Release|Any CPU.Build.0 = Release|Any CPU
		{8948F464-FF9D-4CCB-9EFE-C110C860BBEF}.Debug|Any CPU.ActiveCfg = Debug|Any CPU
		{8948F464-FF9D-4CCB-9EFE-C110C860BBEF}.Debug|Any CPU.Build.0 = Debug|Any CPU
		{8948F464-FF9D-4CCB-9EFE-C110C860BBEF}.Release|Any CPU.ActiveCfg = Release|Any CPU
		{8948F464-FF9D-4CCB-9EFE-C110C860BBEF}.Release|Any CPU.Build.0 = Release|Any CPU
		{995CF239-0177-4D91-B0AE-7C35DBC02F32}.Debug|Any CPU.ActiveCfg = Debug|Any CPU
		{995CF239-0177-4D91-B0AE-7C35DBC02F32}.Debug|Any CPU.Build.0 = Debug|Any CPU
		{995CF239-0177-4D91-B0AE-7C35DBC02F32}.Release|Any CPU.ActiveCfg = Release|Any CPU
		{995CF239-0177-4D91-B0AE-7C35DBC02F32}.Release|Any CPU.Build.0 = Release|Any CPU
		{971E61C2-7CAA-4B10-8368-E198E6C19062}.Debug|Any CPU.ActiveCfg = Debug|Any CPU
		{971E61C2-7CAA-4B10-8368-E198E6C19062}.Debug|Any CPU.Build.0 = Debug|Any CPU
		{971E61C2-7CAA-4B10-8368-E198E6C19062}.Release|Any CPU.ActiveCfg = Release|Any CPU
		{971E61C2-7CAA-4B10-8368-E198E6C19062}.Release|Any CPU.Build.0 = Release|Any CPU
		{66A26E82-3FD2-483E-8F40-6A0BD957941A}.Debug|Any CPU.ActiveCfg = Debug|Any CPU
		{66A26E82-3FD2-483E-8F40-6A0BD957941A}.Debug|Any CPU.Build.0 = Debug|Any CPU
		{66A26E82-3FD2-483E-8F40-6A0BD957941A}.Release|Any CPU.ActiveCfg = Release|Any CPU
		{66A26E82-3FD2-483E-8F40-6A0BD957941A}.Release|Any CPU.Build.0 = Release|Any CPU
		{6A231500-6F07-4957-AFA6-D98AB63496A3}.Debug|Any CPU.ActiveCfg = Debug|Any CPU
		{6A231500-6F07-4957-AFA6-D98AB63496A3}.Debug|Any CPU.Build.0 = Debug|Any CPU
		{6A231500-6F07-4957-AFA6-D98AB63496A3}.Release|Any CPU.ActiveCfg = Release|Any CPU
		{6A231500-6F07-4957-AFA6-D98AB63496A3}.Release|Any CPU.Build.0 = Release|Any CPU
		{F5C088E1-07F1-4932-B8E1-9704C385A035}.Debug|Any CPU.ActiveCfg = Debug|Any CPU
		{F5C088E1-07F1-4932-B8E1-9704C385A035}.Debug|Any CPU.Build.0 = Debug|Any CPU
		{F5C088E1-07F1-4932-B8E1-9704C385A035}.Release|Any CPU.ActiveCfg = Release|Any CPU
		{F5C088E1-07F1-4932-B8E1-9704C385A035}.Release|Any CPU.Build.0 = Release|Any CPU
		{5C9EE7AA-C2BB-4F94-A851-7CAE69D79231}.Debug|Any CPU.ActiveCfg = Debug|Any CPU
		{5C9EE7AA-C2BB-4F94-A851-7CAE69D79231}.Debug|Any CPU.Build.0 = Debug|Any CPU
		{5C9EE7AA-C2BB-4F94-A851-7CAE69D79231}.Release|Any CPU.ActiveCfg = Release|Any CPU
		{5C9EE7AA-C2BB-4F94-A851-7CAE69D79231}.Release|Any CPU.Build.0 = Release|Any CPU
		{69BB6B61-F7B2-45DB-B057-8A8E1A3491E0}.Debug|Any CPU.ActiveCfg = Debug|Any CPU
		{69BB6B61-F7B2-45DB-B057-8A8E1A3491E0}.Debug|Any CPU.Build.0 = Debug|Any CPU
		{69BB6B61-F7B2-45DB-B057-8A8E1A3491E0}.Release|Any CPU.ActiveCfg = Release|Any CPU
		{69BB6B61-F7B2-45DB-B057-8A8E1A3491E0}.Release|Any CPU.Build.0 = Release|Any CPU
		{EB0E875B-6B7D-41D7-9A67-525B79796939}.Debug|Any CPU.ActiveCfg = Debug|Any CPU
		{EB0E875B-6B7D-41D7-9A67-525B79796939}.Debug|Any CPU.Build.0 = Debug|Any CPU
		{EB0E875B-6B7D-41D7-9A67-525B79796939}.Release|Any CPU.ActiveCfg = Release|Any CPU
		{EB0E875B-6B7D-41D7-9A67-525B79796939}.Release|Any CPU.Build.0 = Release|Any CPU
		{4D77751B-3FBF-4EE9-8597-F6CAEF0013D7}.Debug|Any CPU.ActiveCfg = Debug|Any CPU
		{4D77751B-3FBF-4EE9-8597-F6CAEF0013D7}.Debug|Any CPU.Build.0 = Debug|Any CPU
		{4D77751B-3FBF-4EE9-8597-F6CAEF0013D7}.Release|Any CPU.ActiveCfg = Release|Any CPU
		{4D77751B-3FBF-4EE9-8597-F6CAEF0013D7}.Release|Any CPU.Build.0 = Release|Any CPU
		{AF30C24D-FDC8-42FD-9B01-0771E8FBD91F}.Debug|Any CPU.ActiveCfg = Debug|Any CPU
		{AF30C24D-FDC8-42FD-9B01-0771E8FBD91F}.Debug|Any CPU.Build.0 = Debug|Any CPU
		{AF30C24D-FDC8-42FD-9B01-0771E8FBD91F}.Release|Any CPU.ActiveCfg = Release|Any CPU
		{AF30C24D-FDC8-42FD-9B01-0771E8FBD91F}.Release|Any CPU.Build.0 = Release|Any CPU
		{E8903B9F-9F66-4106-8876-A59C90DB8056}.Debug|Any CPU.ActiveCfg = Debug|Any CPU
		{E8903B9F-9F66-4106-8876-A59C90DB8056}.Debug|Any CPU.Build.0 = Debug|Any CPU
		{E8903B9F-9F66-4106-8876-A59C90DB8056}.Release|Any CPU.ActiveCfg = Release|Any CPU
		{E8903B9F-9F66-4106-8876-A59C90DB8056}.Release|Any CPU.Build.0 = Release|Any CPU
		{543F69E7-1DFF-43A1-913B-11C807D6EE7C}.Debug|Any CPU.ActiveCfg = Debug|Any CPU
		{543F69E7-1DFF-43A1-913B-11C807D6EE7C}.Debug|Any CPU.Build.0 = Debug|Any CPU
		{543F69E7-1DFF-43A1-913B-11C807D6EE7C}.Release|Any CPU.ActiveCfg = Release|Any CPU
		{543F69E7-1DFF-43A1-913B-11C807D6EE7C}.Release|Any CPU.Build.0 = Release|Any CPU
		{0D29E3BB-D9A9-4149-AC7F-4B41AC5D3CD1}.Debug|Any CPU.ActiveCfg = Debug|Any CPU
		{0D29E3BB-D9A9-4149-AC7F-4B41AC5D3CD1}.Debug|Any CPU.Build.0 = Debug|Any CPU
		{0D29E3BB-D9A9-4149-AC7F-4B41AC5D3CD1}.Release|Any CPU.ActiveCfg = Release|Any CPU
		{0D29E3BB-D9A9-4149-AC7F-4B41AC5D3CD1}.Release|Any CPU.Build.0 = Release|Any CPU
		{46ED4DF2-38D2-4A61-9D6D-0E830E6C1827}.Debug|Any CPU.ActiveCfg = Debug|Any CPU
		{46ED4DF2-38D2-4A61-9D6D-0E830E6C1827}.Debug|Any CPU.Build.0 = Debug|Any CPU
		{46ED4DF2-38D2-4A61-9D6D-0E830E6C1827}.Release|Any CPU.ActiveCfg = Release|Any CPU
		{46ED4DF2-38D2-4A61-9D6D-0E830E6C1827}.Release|Any CPU.Build.0 = Release|Any CPU
		{68D6E71A-15AA-4DA5-8BCF-BA27CB70AEF7}.Debug|Any CPU.ActiveCfg = Debug|Any CPU
		{68D6E71A-15AA-4DA5-8BCF-BA27CB70AEF7}.Debug|Any CPU.Build.0 = Debug|Any CPU
		{68D6E71A-15AA-4DA5-8BCF-BA27CB70AEF7}.Release|Any CPU.ActiveCfg = Release|Any CPU
		{68D6E71A-15AA-4DA5-8BCF-BA27CB70AEF7}.Release|Any CPU.Build.0 = Release|Any CPU
		{3701447D-BE1F-4C0F-948D-8379C4ADEBFF}.Debug|Any CPU.ActiveCfg = Debug|Any CPU
		{3701447D-BE1F-4C0F-948D-8379C4ADEBFF}.Debug|Any CPU.Build.0 = Debug|Any CPU
		{3701447D-BE1F-4C0F-948D-8379C4ADEBFF}.Release|Any CPU.ActiveCfg = Release|Any CPU
		{3701447D-BE1F-4C0F-948D-8379C4ADEBFF}.Release|Any CPU.Build.0 = Release|Any CPU
		{21F4F2F3-2FB5-40F2-B1F1-8E81264E810C}.Debug|Any CPU.ActiveCfg = Debug|Any CPU
		{21F4F2F3-2FB5-40F2-B1F1-8E81264E810C}.Debug|Any CPU.Build.0 = Debug|Any CPU
		{21F4F2F3-2FB5-40F2-B1F1-8E81264E810C}.Release|Any CPU.ActiveCfg = Release|Any CPU
		{21F4F2F3-2FB5-40F2-B1F1-8E81264E810C}.Release|Any CPU.Build.0 = Release|Any CPU
		{709E772B-56C5-46A7-8E6A-27ED5CC096B0}.Debug|Any CPU.ActiveCfg = Debug|Any CPU
		{709E772B-56C5-46A7-8E6A-27ED5CC096B0}.Debug|Any CPU.Build.0 = Debug|Any CPU
		{709E772B-56C5-46A7-8E6A-27ED5CC096B0}.Release|Any CPU.ActiveCfg = Release|Any CPU
		{709E772B-56C5-46A7-8E6A-27ED5CC096B0}.Release|Any CPU.Build.0 = Release|Any CPU
		{E29DFE9C-5931-43C9-8063-1BAC6CD6CCC5}.Debug|Any CPU.ActiveCfg = Debug|Any CPU
		{E29DFE9C-5931-43C9-8063-1BAC6CD6CCC5}.Debug|Any CPU.Build.0 = Debug|Any CPU
		{E29DFE9C-5931-43C9-8063-1BAC6CD6CCC5}.Release|Any CPU.ActiveCfg = Release|Any CPU
		{E29DFE9C-5931-43C9-8063-1BAC6CD6CCC5}.Release|Any CPU.Build.0 = Release|Any CPU
		{43786EAA-7D46-45E9-A27C-9BC619B13DB9}.Debug|Any CPU.ActiveCfg = Debug|Any CPU
		{43786EAA-7D46-45E9-A27C-9BC619B13DB9}.Debug|Any CPU.Build.0 = Debug|Any CPU
		{43786EAA-7D46-45E9-A27C-9BC619B13DB9}.Release|Any CPU.ActiveCfg = Release|Any CPU
		{43786EAA-7D46-45E9-A27C-9BC619B13DB9}.Release|Any CPU.Build.0 = Release|Any CPU
		{7DED381D-9F17-4D7F-A7E4-54B7F622BB28}.Debug|Any CPU.ActiveCfg = Debug|Any CPU
		{7DED381D-9F17-4D7F-A7E4-54B7F622BB28}.Debug|Any CPU.Build.0 = Debug|Any CPU
		{7DED381D-9F17-4D7F-A7E4-54B7F622BB28}.Release|Any CPU.ActiveCfg = Release|Any CPU
		{7DED381D-9F17-4D7F-A7E4-54B7F622BB28}.Release|Any CPU.Build.0 = Release|Any CPU
		{2F0FEAB0-6B94-465D-82CC-10E447FC399A}.Debug|Any CPU.ActiveCfg = Debug|Any CPU
		{2F0FEAB0-6B94-465D-82CC-10E447FC399A}.Debug|Any CPU.Build.0 = Debug|Any CPU
		{2F0FEAB0-6B94-465D-82CC-10E447FC399A}.Release|Any CPU.ActiveCfg = Release|Any CPU
		{2F0FEAB0-6B94-465D-82CC-10E447FC399A}.Release|Any CPU.Build.0 = Release|Any CPU
		{81AEAC46-9232-400E-AEBA-F11CB4D13049}.Debug|Any CPU.ActiveCfg = Debug|Any CPU
		{81AEAC46-9232-400E-AEBA-F11CB4D13049}.Debug|Any CPU.Build.0 = Debug|Any CPU
		{81AEAC46-9232-400E-AEBA-F11CB4D13049}.Release|Any CPU.ActiveCfg = Release|Any CPU
		{81AEAC46-9232-400E-AEBA-F11CB4D13049}.Release|Any CPU.Build.0 = Release|Any CPU
		{3DBBBE1B-BACE-4DC2-BCC9-9A755F5C86AE}.Debug|Any CPU.ActiveCfg = Debug|Any CPU
		{3DBBBE1B-BACE-4DC2-BCC9-9A755F5C86AE}.Debug|Any CPU.Build.0 = Debug|Any CPU
		{3DBBBE1B-BACE-4DC2-BCC9-9A755F5C86AE}.Release|Any CPU.ActiveCfg = Release|Any CPU
		{3DBBBE1B-BACE-4DC2-BCC9-9A755F5C86AE}.Release|Any CPU.Build.0 = Release|Any CPU
		{4B140E73-F5AB-4921-A05F-DBBF258FDE3C}.Debug|Any CPU.ActiveCfg = Debug|Any CPU
		{4B140E73-F5AB-4921-A05F-DBBF258FDE3C}.Debug|Any CPU.Build.0 = Debug|Any CPU
		{4B140E73-F5AB-4921-A05F-DBBF258FDE3C}.Release|Any CPU.ActiveCfg = Release|Any CPU
		{4B140E73-F5AB-4921-A05F-DBBF258FDE3C}.Release|Any CPU.Build.0 = Release|Any CPU
		{CFCAF5FB-3029-4A7F-B108-78054FDD823E}.Debug|Any CPU.ActiveCfg = Debug|Any CPU
		{CFCAF5FB-3029-4A7F-B108-78054FDD823E}.Debug|Any CPU.Build.0 = Debug|Any CPU
		{CFCAF5FB-3029-4A7F-B108-78054FDD823E}.Release|Any CPU.ActiveCfg = Release|Any CPU
		{CFCAF5FB-3029-4A7F-B108-78054FDD823E}.Release|Any CPU.Build.0 = Release|Any CPU
		{8A60C50A-2C0C-47C8-B406-938699693FD0}.Debug|Any CPU.ActiveCfg = Debug|Any CPU
		{8A60C50A-2C0C-47C8-B406-938699693FD0}.Debug|Any CPU.Build.0 = Debug|Any CPU
		{8A60C50A-2C0C-47C8-B406-938699693FD0}.Release|Any CPU.ActiveCfg = Release|Any CPU
		{8A60C50A-2C0C-47C8-B406-938699693FD0}.Release|Any CPU.Build.0 = Release|Any CPU
		{EB661C85-89EA-4619-BF0E-1E273FA99813}.Debug|Any CPU.ActiveCfg = Debug|Any CPU
		{EB661C85-89EA-4619-BF0E-1E273FA99813}.Debug|Any CPU.Build.0 = Debug|Any CPU
		{EB661C85-89EA-4619-BF0E-1E273FA99813}.Release|Any CPU.ActiveCfg = Release|Any CPU
		{EB661C85-89EA-4619-BF0E-1E273FA99813}.Release|Any CPU.Build.0 = Release|Any CPU
		{A76722F8-2665-487C-BC66-080482571CA5}.Debug|Any CPU.ActiveCfg = Debug|Any CPU
		{A76722F8-2665-487C-BC66-080482571CA5}.Debug|Any CPU.Build.0 = Debug|Any CPU
		{A76722F8-2665-487C-BC66-080482571CA5}.Release|Any CPU.ActiveCfg = Release|Any CPU
		{A76722F8-2665-487C-BC66-080482571CA5}.Release|Any CPU.Build.0 = Release|Any CPU
		{E1450928-7407-4797-8392-AA4ABD6EF011}.Debug|Any CPU.ActiveCfg = Debug|Any CPU
		{E1450928-7407-4797-8392-AA4ABD6EF011}.Debug|Any CPU.Build.0 = Debug|Any CPU
		{E1450928-7407-4797-8392-AA4ABD6EF011}.Release|Any CPU.ActiveCfg = Release|Any CPU
		{E1450928-7407-4797-8392-AA4ABD6EF011}.Release|Any CPU.Build.0 = Release|Any CPU
		{9EE27F4E-3B41-4D29-A5C7-CC08FF7000D4}.Debug|Any CPU.ActiveCfg = Debug|Any CPU
		{9EE27F4E-3B41-4D29-A5C7-CC08FF7000D4}.Debug|Any CPU.Build.0 = Debug|Any CPU
		{9EE27F4E-3B41-4D29-A5C7-CC08FF7000D4}.Release|Any CPU.ActiveCfg = Release|Any CPU
		{9EE27F4E-3B41-4D29-A5C7-CC08FF7000D4}.Release|Any CPU.Build.0 = Release|Any CPU
		{7A0F1515-29B8-4949-939C-6B7E41BBC09D}.Debug|Any CPU.ActiveCfg = Debug|Any CPU
		{7A0F1515-29B8-4949-939C-6B7E41BBC09D}.Debug|Any CPU.Build.0 = Debug|Any CPU
		{7A0F1515-29B8-4949-939C-6B7E41BBC09D}.Release|Any CPU.ActiveCfg = Release|Any CPU
		{7A0F1515-29B8-4949-939C-6B7E41BBC09D}.Release|Any CPU.Build.0 = Release|Any CPU
		{74C11FB7-9511-41B6-BACC-E3FE5E11371B}.Debug|Any CPU.ActiveCfg = Debug|Any CPU
		{74C11FB7-9511-41B6-BACC-E3FE5E11371B}.Debug|Any CPU.Build.0 = Debug|Any CPU
		{74C11FB7-9511-41B6-BACC-E3FE5E11371B}.Release|Any CPU.ActiveCfg = Release|Any CPU
		{74C11FB7-9511-41B6-BACC-E3FE5E11371B}.Release|Any CPU.Build.0 = Release|Any CPU
		{BC2377B4-3C47-457E-8117-681FAEC4A05B}.Debug|Any CPU.ActiveCfg = Debug|Any CPU
		{BC2377B4-3C47-457E-8117-681FAEC4A05B}.Debug|Any CPU.Build.0 = Debug|Any CPU
		{BC2377B4-3C47-457E-8117-681FAEC4A05B}.Release|Any CPU.ActiveCfg = Release|Any CPU
		{BC2377B4-3C47-457E-8117-681FAEC4A05B}.Release|Any CPU.Build.0 = Release|Any CPU
		{41586DB5-625E-4F6C-AA79-4C4CEE85138D}.Debug|Any CPU.ActiveCfg = Debug|Any CPU
		{41586DB5-625E-4F6C-AA79-4C4CEE85138D}.Debug|Any CPU.Build.0 = Debug|Any CPU
		{41586DB5-625E-4F6C-AA79-4C4CEE85138D}.Release|Any CPU.ActiveCfg = Release|Any CPU
		{41586DB5-625E-4F6C-AA79-4C4CEE85138D}.Release|Any CPU.Build.0 = Release|Any CPU
		{33E866F5-5B6B-4020-BF1D-1824A36E6411}.Debug|Any CPU.ActiveCfg = Debug|Any CPU
		{33E866F5-5B6B-4020-BF1D-1824A36E6411}.Debug|Any CPU.Build.0 = Debug|Any CPU
		{33E866F5-5B6B-4020-BF1D-1824A36E6411}.Release|Any CPU.ActiveCfg = Release|Any CPU
		{33E866F5-5B6B-4020-BF1D-1824A36E6411}.Release|Any CPU.Build.0 = Release|Any CPU
		{40FD4F60-5F80-446B-870C-CA13872485D1}.Debug|Any CPU.ActiveCfg = Debug|Any CPU
		{40FD4F60-5F80-446B-870C-CA13872485D1}.Debug|Any CPU.Build.0 = Debug|Any CPU
		{40FD4F60-5F80-446B-870C-CA13872485D1}.Release|Any CPU.ActiveCfg = Release|Any CPU
		{40FD4F60-5F80-446B-870C-CA13872485D1}.Release|Any CPU.Build.0 = Release|Any CPU
		{8C17089B-611C-4CCD-A4C5-E99B9934A693}.Debug|Any CPU.ActiveCfg = Debug|Any CPU
		{8C17089B-611C-4CCD-A4C5-E99B9934A693}.Debug|Any CPU.Build.0 = Debug|Any CPU
		{8C17089B-611C-4CCD-A4C5-E99B9934A693}.Release|Any CPU.ActiveCfg = Release|Any CPU
		{8C17089B-611C-4CCD-A4C5-E99B9934A693}.Release|Any CPU.Build.0 = Release|Any CPU
		{50463FDB-958F-4370-8DD7-C64A1F93B5CA}.Debug|Any CPU.ActiveCfg = Debug|Any CPU
		{50463FDB-958F-4370-8DD7-C64A1F93B5CA}.Debug|Any CPU.Build.0 = Debug|Any CPU
		{50463FDB-958F-4370-8DD7-C64A1F93B5CA}.Release|Any CPU.ActiveCfg = Release|Any CPU
		{50463FDB-958F-4370-8DD7-C64A1F93B5CA}.Release|Any CPU.Build.0 = Release|Any CPU
		{FA9809CE-992D-4066-AA57-7C115A6A649C}.Debug|Any CPU.ActiveCfg = Debug|Any CPU
		{FA9809CE-992D-4066-AA57-7C115A6A649C}.Debug|Any CPU.Build.0 = Debug|Any CPU
		{FA9809CE-992D-4066-AA57-7C115A6A649C}.Release|Any CPU.ActiveCfg = Release|Any CPU
		{FA9809CE-992D-4066-AA57-7C115A6A649C}.Release|Any CPU.Build.0 = Release|Any CPU
	EndGlobalSection
EndGlobal
